
Microsoft Visual Studio Solution File, Format Version 12.00
# Visual Studio Version 16
VisualStudioVersion = 16.0.29911.84
MinimumVisualStudioVersion = 10.0.40219.1
Project("{8BC9CEB8-8B4A-11D0-8D11-00A0C91BC942}") = "LAB7_1", "LAB7_1\LAB7_1.vcxproj", "{846F3017-2DDE-42EB-AABB-C3A9713AC475}"
EndProject
Project("{8BC9CEB8-8B4A-11D0-8D11-00A0C91BC942}") = "LAB7_2", "LAB7_2\LAB7_2.vcxproj", "{E56D8A6B-6E16-44E1-9113-13035F0CDAB0}"
EndProject
Project("{8BC9CEB8-8B4A-11D0-8D11-00A0C91BC942}") = "LAB7_3", "LAB7_3\LAB7_3.vcxproj", "{F29E5E3E-5C44-43AC-B417-9EC381BEF8C3}"
EndProject
Project("{8BC9CEB8-8B4A-11D0-8D11-00A0C91BC942}") = "LAB7_4", "LAB7_4\LAB7_4.vcxproj", "{4CE92337-ADCD-4CC2-B364-E94F5E76C38C}"
EndProject
Project("{8BC9CEB8-8B4A-11D0-8D11-00A0C91BC942}") = "LAB7_5", "LAB7_5\LAB7_5.vcxproj", "{A4D67242-C0DC-48FE-A2B1-B25A7D5BADE2}"
EndProject
Project("{8BC9CEB8-8B4A-11D0-8D11-00A0C91BC942}") = "LAB7_6", "LAB7_6\LAB7_6.vcxproj", "{8884A552-381B-472E-B5E2-9A94E608358E}"
EndProject
Project("{8BC9CEB8-8B4A-11D0-8D11-00A0C91BC942}") = "HW7_1", "HW7_1\HW7_1.vcxproj", "{90A7BD8F-61A4-4A9D-A708-A9B390BC274A}"
EndProject
Project("{8BC9CEB8-8B4A-11D0-8D11-00A0C91BC942}") = "HW7_2", "HW7_2\HW7_2.vcxproj", "{7079DDEF-E97C-4D09-A239-27E24BD1046B}"
EndProject
Project("{8BC9CEB8-8B4A-11D0-8D11-00A0C91BC942}") = "HW7_3", "HW7_3\HW7_3.vcxproj", "{302FA3BA-A2C4-4145-91B6-934B2E63E200}"
EndProject
Project("{8BC9CEB8-8B4A-11D0-8D11-00A0C91BC942}") = "HW7_4", "HW7_4\HW7_4.vcxproj", "{C5BBF4AA-3B2D-4E91-8FBF-D7141ED3DA59}"
EndProject
Project("{8BC9CEB8-8B4A-11D0-8D11-00A0C91BC942}") = "HW7_5", "HW7_5\HW7_5.vcxproj", "{656FC4BE-9901-4275-B1F3-15060048C77B}"
EndProject
Project("{8BC9CEB8-8B4A-11D0-8D11-00A0C91BC942}") = "HW7_6", "HW7_6\HW7_6.vcxproj", "{923F78AC-A308-422C-99D4-E1CA42D06F43}"
EndProject
Global
	GlobalSection(SolutionConfigurationPlatforms) = preSolution
		Debug|x64 = Debug|x64
		Debug|x86 = Debug|x86
		Release|x64 = Release|x64
		Release|x86 = Release|x86
	EndGlobalSection
	GlobalSection(ProjectConfigurationPlatforms) = postSolution
		{846F3017-2DDE-42EB-AABB-C3A9713AC475}.Debug|x64.ActiveCfg = Debug|x64
		{846F3017-2DDE-42EB-AABB-C3A9713AC475}.Debug|x64.Build.0 = Debug|x64
		{846F3017-2DDE-42EB-AABB-C3A9713AC475}.Debug|x86.ActiveCfg = Debug|Win32
		{846F3017-2DDE-42EB-AABB-C3A9713AC475}.Debug|x86.Build.0 = Debug|Win32
		{846F3017-2DDE-42EB-AABB-C3A9713AC475}.Release|x64.ActiveCfg = Release|x64
		{846F3017-2DDE-42EB-AABB-C3A9713AC475}.Release|x64.Build.0 = Release|x64
		{846F3017-2DDE-42EB-AABB-C3A9713AC475}.Release|x86.ActiveCfg = Release|Win32
		{846F3017-2DDE-42EB-AABB-C3A9713AC475}.Release|x86.Build.0 = Release|Win32
		{E56D8A6B-6E16-44E1-9113-13035F0CDAB0}.Debug|x64.ActiveCfg = Debug|x64
		{E56D8A6B-6E16-44E1-9113-13035F0CDAB0}.Debug|x64.Build.0 = Debug|x64
		{E56D8A6B-6E16-44E1-9113-13035F0CDAB0}.Debug|x86.ActiveCfg = Debug|Win32
		{E56D8A6B-6E16-44E1-9113-13035F0CDAB0}.Debug|x86.Build.0 = Debug|Win32
		{E56D8A6B-6E16-44E1-9113-13035F0CDAB0}.Release|x64.ActiveCfg = Release|x64
		{E56D8A6B-6E16-44E1-9113-13035F0CDAB0}.Release|x64.Build.0 = Release|x64
		{E56D8A6B-6E16-44E1-9113-13035F0CDAB0}.Release|x86.ActiveCfg = Release|Win32
		{E56D8A6B-6E16-44E1-9113-13035F0CDAB0}.Release|x86.Build.0 = Release|Win32
		{F29E5E3E-5C44-43AC-B417-9EC381BEF8C3}.Debug|x64.ActiveCfg = Debug|x64
		{F29E5E3E-5C44-43AC-B417-9EC381BEF8C3}.Debug|x64.Build.0 = Debug|x64
		{F29E5E3E-5C44-43AC-B417-9EC381BEF8C3}.Debug|x86.ActiveCfg = Debug|Win32
		{F29E5E3E-5C44-43AC-B417-9EC381BEF8C3}.Debug|x86.Build.0 = Debug|Win32
		{F29E5E3E-5C44-43AC-B417-9EC381BEF8C3}.Release|x64.ActiveCfg = Release|x64
		{F29E5E3E-5C44-43AC-B417-9EC381BEF8C3}.Release|x64.Build.0 = Release|x64
		{F29E5E3E-5C44-43AC-B417-9EC381BEF8C3}.Release|x86.ActiveCfg = Release|Win32
		{F29E5E3E-5C44-43AC-B417-9EC381BEF8C3}.Release|x86.Build.0 = Release|Win32
		{4CE92337-ADCD-4CC2-B364-E94F5E76C38C}.Debug|x64.ActiveCfg = Debug|x64
		{4CE92337-ADCD-4CC2-B364-E94F5E76C38C}.Debug|x64.Build.0 = Debug|x64
		{4CE92337-ADCD-4CC2-B364-E94F5E76C38C}.Debug|x86.ActiveCfg = Debug|Win32
		{4CE92337-ADCD-4CC2-B364-E94F5E76C38C}.Debug|x86.Build.0 = Debug|Win32
		{4CE92337-ADCD-4CC2-B364-E94F5E76C38C}.Release|x64.ActiveCfg = Release|x64
		{4CE92337-ADCD-4CC2-B364-E94F5E76C38C}.Release|x64.Build.0 = Release|x64
		{4CE92337-ADCD-4CC2-B364-E94F5E76C38C}.Release|x86.ActiveCfg = Release|Win32
		{4CE92337-ADCD-4CC2-B364-E94F5E76C38C}.Release|x86.Build.0 = Release|Win32
		{A4D67242-C0DC-48FE-A2B1-B25A7D5BADE2}.Debug|x64.ActiveCfg = Debug|x64
		{A4D67242-C0DC-48FE-A2B1-B25A7D5BADE2}.Debug|x64.Build.0 = Debug|x64
		{A4D67242-C0DC-48FE-A2B1-B25A7D5BADE2}.Debug|x86.ActiveCfg = Debug|Win32
		{A4D67242-C0DC-48FE-A2B1-B25A7D5BADE2}.Debug|x86.Build.0 = Debug|Win32
		{A4D67242-C0DC-48FE-A2B1-B25A7D5BADE2}.Release|x64.ActiveCfg = Release|x64
		{A4D67242-C0DC-48FE-A2B1-B25A7D5BADE2}.Release|x64.Build.0 = Release|x64
		{A4D67242-C0DC-48FE-A2B1-B25A7D5BADE2}.Release|x86.ActiveCfg = Release|Win32
		{A4D67242-C0DC-48FE-A2B1-B25A7D5BADE2}.Release|x86.Build.0 = Release|Win32
		{8884A552-381B-472E-B5E2-9A94E608358E}.Debug|x64.ActiveCfg = Debug|x64
		{8884A552-381B-472E-B5E2-9A94E608358E}.Debug|x64.Build.0 = Debug|x64
		{8884A552-381B-472E-B5E2-9A94E608358E}.Debug|x86.ActiveCfg = Debug|Win32
		{8884A552-381B-472E-B5E2-9A94E608358E}.Debug|x86.Build.0 = Debug|Win32
		{8884A552-381B-472E-B5E2-9A94E608358E}.Release|x64.ActiveCfg = Release|x64
		{8884A552-381B-472E-B5E2-9A94E608358E}.Release|x64.Build.0 = Release|x64
		{8884A552-381B-472E-B5E2-9A94E608358E}.Release|x86.ActiveCfg = Release|Win32
		{8884A552-381B-472E-B5E2-9A94E608358E}.Release|x86.Build.0 = Release|Win32
		{90A7BD8F-61A4-4A9D-A708-A9B390BC274A}.Debug|x64.ActiveCfg = Debug|x64
		{90A7BD8F-61A4-4A9D-A708-A9B390BC274A}.Debug|x64.Build.0 = Debug|x64
		{90A7BD8F-61A4-4A9D-A708-A9B390BC274A}.Debug|x86.ActiveCfg = Debug|Win32
		{90A7BD8F-61A4-4A9D-A708-A9B390BC274A}.Debug|x86.Build.0 = Debug|Win32
		{90A7BD8F-61A4-4A9D-A708-A9B390BC274A}.Release|x64.ActiveCfg = Release|x64
		{90A7BD8F-61A4-4A9D-A708-A9B390BC274A}.Release|x64.Build.0 = Release|x64
		{90A7BD8F-61A4-4A9D-A708-A9B390BC274A}.Release|x86.ActiveCfg = Release|Win32
		{90A7BD8F-61A4-4A9D-A708-A9B390BC274A}.Release|x86.Build.0 = Release|Win32
		{7079DDEF-E97C-4D09-A239-27E24BD1046B}.Debug|x64.ActiveCfg = Debug|x64
		{7079DDEF-E97C-4D09-A239-27E24BD1046B}.Debug|x64.Build.0 = Debug|x64
		{7079DDEF-E97C-4D09-A239-27E24BD1046B}.Debug|x86.ActiveCfg = Debug|Win32
		{7079DDEF-E97C-4D09-A239-27E24BD1046B}.Debug|x86.Build.0 = Debug|Win32
		{7079DDEF-E97C-4D09-A239-27E24BD1046B}.Release|x64.ActiveCfg = Release|x64
		{7079DDEF-E97C-4D09-A239-27E24BD1046B}.Release|x64.Build.0 = Release|x64
		{7079DDEF-E97C-4D09-A239-27E24BD1046B}.Release|x86.ActiveCfg = Release|Win32
		{7079DDEF-E97C-4D09-A239-27E24BD1046B}.Release|x86.Build.0 = Release|Win32
		{302FA3BA-A2C4-4145-91B6-934B2E63E200}.Debug|x64.ActiveCfg = Debug|x64
		{302FA3BA-A2C4-4145-91B6-934B2E63E200}.Debug|x64.Build.0 = Debug|x64
		{302FA3BA-A2C4-4145-91B6-934B2E63E200}.Debug|x86.ActiveCfg = Debug|Win32
		{302FA3BA-A2C4-4145-91B6-934B2E63E200}.Debug|x86.Build.0 = Debug|Win32
		{302FA3BA-A2C4-4145-91B6-934B2E63E200}.Release|x64.ActiveCfg = Release|x64
		{302FA3BA-A2C4-4145-91B6-934B2E63E200}.Release|x64.Build.0 = Release|x64
		{302FA3BA-A2C4-4145-91B6-934B2E63E200}.Release|x86.ActiveCfg = Release|Win32
		{302FA3BA-A2C4-4145-91B6-934B2E63E200}.Release|x86.Build.0 = Release|Win32
		{C5BBF4AA-3B2D-4E91-8FBF-D7141ED3DA59}.Debug|x64.ActiveCfg = Debug|x64
		{C5BBF4AA-3B2D-4E91-8FBF-D7141ED3DA59}.Debug|x64.Build.0 = Debug|x64
		{C5BBF4AA-3B2D-4E91-8FBF-D7141ED3DA59}.Debug|x86.ActiveCfg = Debug|Win32
		{C5BBF4AA-3B2D-4E91-8FBF-D7141ED3DA59}.Debug|x86.Build.0 = Debug|Win32
		{C5BBF4AA-3B2D-4E91-8FBF-D7141ED3DA59}.Release|x64.ActiveCfg = Release|x64
		{C5BBF4AA-3B2D-4E91-8FBF-D7141ED3DA59}.Release|x64.Build.0 = Release|x64
		{C5BBF4AA-3B2D-4E91-8FBF-D7141ED3DA59}.Release|x86.ActiveCfg = Release|Win32
		{C5BBF4AA-3B2D-4E91-8FBF-D7141ED3DA59}.Release|x86.Build.0 = Release|Win32
		{656FC4BE-9901-4275-B1F3-15060048C77B}.Debug|x64.ActiveCfg = Debug|x64
		{656FC4BE-9901-4275-B1F3-15060048C77B}.Debug|x64.Build.0 = Debug|x64
		{656FC4BE-9901-4275-B1F3-15060048C77B}.Debug|x86.ActiveCfg = Debug|Win32
		{656FC4BE-9901-4275-B1F3-15060048C77B}.Debug|x86.Build.0 = Debug|Win32
		{656FC4BE-9901-4275-B1F3-15060048C77B}.Release|x64.ActiveCfg = Release|x64
		{656FC4BE-9901-4275-B1F3-15060048C77B}.Release|x64.Build.0 = Release|x64
		{656FC4BE-9901-4275-B1F3-15060048C77B}.Release|x86.ActiveCfg = Release|Win32
		{656FC4BE-9901-4275-B1F3-15060048C77B}.Release|x86.Build.0 = Release|Win32
		{923F78AC-A308-422C-99D4-E1CA42D06F43}.Debug|x64.ActiveCfg = Debug|x64
		{923F78AC-A308-422C-99D4-E1CA42D06F43}.Debug|x64.Build.0 = Debug|x64
		{923F78AC-A308-422C-99D4-E1CA42D06F43}.Debug|x86.ActiveCfg = Debug|Win32
		{923F78AC-A308-422C-99D4-E1CA42D06F43}.Debug|x86.Build.0 = Debug|Win32
		{923F78AC-A308-422C-99D4-E1CA42D06F43}.Release|x64.ActiveCfg = Release|x64
		{923F78AC-A308-422C-99D4-E1CA42D06F43}.Release|x64.Build.0 = Release|x64
		{923F78AC-A308-422C-99D4-E1CA42D06F43}.Release|x86.ActiveCfg = Release|Win32
		{923F78AC-A308-422C-99D4-E1CA42D06F43}.Release|x86.Build.0 = Release|Win32
	EndGlobalSection
	GlobalSection(SolutionProperties) = preSolution
		HideSolutionNode = FALSE
	EndGlobalSection
	GlobalSection(ExtensibilityGlobals) = postSolution
		SolutionGuid = {4B772473-8BB2-4AF7-B899-047FF498F49B}
	EndGlobalSection
EndGlobal
