
Microsoft Visual Studio Solution File, Format Version 12.00
# Visual Studio Version 16
VisualStudioVersion = 16.0.30204.135
MinimumVisualStudioVersion = 10.0.40219.1
Project("{8BC9CEB8-8B4A-11D0-8D11-00A0C91BC942}") = "LAB16_1", "LAB16_1\LAB16_1.vcxproj", "{FE5EEAF9-7C7C-464D-8D81-1080CDFABB31}"
EndProject
Project("{8BC9CEB8-8B4A-11D0-8D11-00A0C91BC942}") = "LAB16_3", "LAB16_3\LAB16_3.vcxproj", "{E87758FE-FB46-4D93-9105-E0AD02830299}"
EndProject
Project("{8BC9CEB8-8B4A-11D0-8D11-00A0C91BC942}") = "LAB16_4", "LAB16_4\LAB16_4.vcxproj", "{591F5B89-0D0A-4863-AAB9-4EF00A58587E}"
EndProject
Project("{8BC9CEB8-8B4A-11D0-8D11-00A0C91BC942}") = "HW16_1", "HW16_1\HW16_1.vcxproj", "{90207BAE-7624-4F23-A443-E6DB3A3FC1F2}"
EndProject
Project("{8BC9CEB8-8B4A-11D0-8D11-00A0C91BC942}") = "HW16_2", "HW16_2\HW16_2.vcxproj", "{943F560A-7EDA-4057-A41B-0DC8A1EBA703}"
EndProject
Project("{8BC9CEB8-8B4A-11D0-8D11-00A0C91BC942}") = "HW16_3", "HW16_3\HW16_3.vcxproj", "{4232667D-5CB1-4244-8E2A-FCF9F4C59AE1}"
EndProject
Project("{8BC9CEB8-8B4A-11D0-8D11-00A0C91BC942}") = "LAB16_5", "LAB16_5\LAB16_5.vcxproj", "{242DE603-DEAE-4D70-96F8-720A09BA84A9}"
EndProject
Project("{8BC9CEB8-8B4A-11D0-8D11-00A0C91BC942}") = "HW16_4", "HW16_4\HW16_4.vcxproj", "{DBFE0C0F-2928-42C9-9363-1194E4359385}"
EndProject
Global
	GlobalSection(SolutionConfigurationPlatforms) = preSolution
		Debug|x64 = Debug|x64
		Debug|x86 = Debug|x86
		Release|x64 = Release|x64
		Release|x86 = Release|x86
	EndGlobalSection
	GlobalSection(ProjectConfigurationPlatforms) = postSolution
		{FE5EEAF9-7C7C-464D-8D81-1080CDFABB31}.Debug|x64.ActiveCfg = Debug|x64
		{FE5EEAF9-7C7C-464D-8D81-1080CDFABB31}.Debug|x64.Build.0 = Debug|x64
		{FE5EEAF9-7C7C-464D-8D81-1080CDFABB31}.Debug|x86.ActiveCfg = Debug|Win32
		{FE5EEAF9-7C7C-464D-8D81-1080CDFABB31}.Debug|x86.Build.0 = Debug|Win32
		{FE5EEAF9-7C7C-464D-8D81-1080CDFABB31}.Release|x64.ActiveCfg = Release|x64
		{FE5EEAF9-7C7C-464D-8D81-1080CDFABB31}.Release|x64.Build.0 = Release|x64
		{FE5EEAF9-7C7C-464D-8D81-1080CDFABB31}.Release|x86.ActiveCfg = Release|Win32
		{FE5EEAF9-7C7C-464D-8D81-1080CDFABB31}.Release|x86.Build.0 = Release|Win32
		{E87758FE-FB46-4D93-9105-E0AD02830299}.Debug|x64.ActiveCfg = Debug|x64
		{E87758FE-FB46-4D93-9105-E0AD02830299}.Debug|x64.Build.0 = Debug|x64
		{E87758FE-FB46-4D93-9105-E0AD02830299}.Debug|x86.ActiveCfg = Debug|Win32
		{E87758FE-FB46-4D93-9105-E0AD02830299}.Debug|x86.Build.0 = Debug|Win32
		{E87758FE-FB46-4D93-9105-E0AD02830299}.Release|x64.ActiveCfg = Release|x64
		{E87758FE-FB46-4D93-9105-E0AD02830299}.Release|x64.Build.0 = Release|x64
		{E87758FE-FB46-4D93-9105-E0AD02830299}.Release|x86.ActiveCfg = Release|Win32
		{E87758FE-FB46-4D93-9105-E0AD02830299}.Release|x86.Build.0 = Release|Win32
		{591F5B89-0D0A-4863-AAB9-4EF00A58587E}.Debug|x64.ActiveCfg = Debug|x64
		{591F5B89-0D0A-4863-AAB9-4EF00A58587E}.Debug|x64.Build.0 = Debug|x64
		{591F5B89-0D0A-4863-AAB9-4EF00A58587E}.Debug|x86.ActiveCfg = Debug|Win32
		{591F5B89-0D0A-4863-AAB9-4EF00A58587E}.Debug|x86.Build.0 = Debug|Win32
		{591F5B89-0D0A-4863-AAB9-4EF00A58587E}.Release|x64.ActiveCfg = Release|x64
		{591F5B89-0D0A-4863-AAB9-4EF00A58587E}.Release|x64.Build.0 = Release|x64
		{591F5B89-0D0A-4863-AAB9-4EF00A58587E}.Release|x86.ActiveCfg = Release|Win32
		{591F5B89-0D0A-4863-AAB9-4EF00A58587E}.Release|x86.Build.0 = Release|Win32
		{90207BAE-7624-4F23-A443-E6DB3A3FC1F2}.Debug|x64.ActiveCfg = Debug|x64
		{90207BAE-7624-4F23-A443-E6DB3A3FC1F2}.Debug|x64.Build.0 = Debug|x64
		{90207BAE-7624-4F23-A443-E6DB3A3FC1F2}.Debug|x86.ActiveCfg = Debug|Win32
		{90207BAE-7624-4F23-A443-E6DB3A3FC1F2}.Debug|x86.Build.0 = Debug|Win32
		{90207BAE-7624-4F23-A443-E6DB3A3FC1F2}.Release|x64.ActiveCfg = Release|x64
		{90207BAE-7624-4F23-A443-E6DB3A3FC1F2}.Release|x64.Build.0 = Release|x64
		{90207BAE-7624-4F23-A443-E6DB3A3FC1F2}.Release|x86.ActiveCfg = Release|Win32
		{90207BAE-7624-4F23-A443-E6DB3A3FC1F2}.Release|x86.Build.0 = Release|Win32
		{943F560A-7EDA-4057-A41B-0DC8A1EBA703}.Debug|x64.ActiveCfg = Debug|x64
		{943F560A-7EDA-4057-A41B-0DC8A1EBA703}.Debug|x64.Build.0 = Debug|x64
		{943F560A-7EDA-4057-A41B-0DC8A1EBA703}.Debug|x86.ActiveCfg = Debug|Win32
		{943F560A-7EDA-4057-A41B-0DC8A1EBA703}.Debug|x86.Build.0 = Debug|Win32
		{943F560A-7EDA-4057-A41B-0DC8A1EBA703}.Release|x64.ActiveCfg = Release|x64
		{943F560A-7EDA-4057-A41B-0DC8A1EBA703}.Release|x64.Build.0 = Release|x64
		{943F560A-7EDA-4057-A41B-0DC8A1EBA703}.Release|x86.ActiveCfg = Release|Win32
		{943F560A-7EDA-4057-A41B-0DC8A1EBA703}.Release|x86.Build.0 = Release|Win32
		{4232667D-5CB1-4244-8E2A-FCF9F4C59AE1}.Debug|x64.ActiveCfg = Debug|x64
		{4232667D-5CB1-4244-8E2A-FCF9F4C59AE1}.Debug|x64.Build.0 = Debug|x64
		{4232667D-5CB1-4244-8E2A-FCF9F4C59AE1}.Debug|x86.ActiveCfg = Debug|Win32
		{4232667D-5CB1-4244-8E2A-FCF9F4C59AE1}.Debug|x86.Build.0 = Debug|Win32
		{4232667D-5CB1-4244-8E2A-FCF9F4C59AE1}.Release|x64.ActiveCfg = Release|x64
		{4232667D-5CB1-4244-8E2A-FCF9F4C59AE1}.Release|x64.Build.0 = Release|x64
		{4232667D-5CB1-4244-8E2A-FCF9F4C59AE1}.Release|x86.ActiveCfg = Release|Win32
		{4232667D-5CB1-4244-8E2A-FCF9F4C59AE1}.Release|x86.Build.0 = Release|Win32
		{242DE603-DEAE-4D70-96F8-720A09BA84A9}.Debug|x64.ActiveCfg = Debug|x64
		{242DE603-DEAE-4D70-96F8-720A09BA84A9}.Debug|x64.Build.0 = Debug|x64
		{242DE603-DEAE-4D70-96F8-720A09BA84A9}.Debug|x86.ActiveCfg = Debug|Win32
		{242DE603-DEAE-4D70-96F8-720A09BA84A9}.Debug|x86.Build.0 = Debug|Win32
		{242DE603-DEAE-4D70-96F8-720A09BA84A9}.Release|x64.ActiveCfg = Release|x64
		{242DE603-DEAE-4D70-96F8-720A09BA84A9}.Release|x64.Build.0 = Release|x64
		{242DE603-DEAE-4D70-96F8-720A09BA84A9}.Release|x86.ActiveCfg = Release|Win32
		{242DE603-DEAE-4D70-96F8-720A09BA84A9}.Release|x86.Build.0 = Release|Win32
		{DBFE0C0F-2928-42C9-9363-1194E4359385}.Debug|x64.ActiveCfg = Debug|x64
		{DBFE0C0F-2928-42C9-9363-1194E4359385}.Debug|x64.Build.0 = Debug|x64
		{DBFE0C0F-2928-42C9-9363-1194E4359385}.Debug|x86.ActiveCfg = Debug|Win32
		{DBFE0C0F-2928-42C9-9363-1194E4359385}.Debug|x86.Build.0 = Debug|Win32
		{DBFE0C0F-2928-42C9-9363-1194E4359385}.Release|x64.ActiveCfg = Release|x64
		{DBFE0C0F-2928-42C9-9363-1194E4359385}.Release|x64.Build.0 = Release|x64
		{DBFE0C0F-2928-42C9-9363-1194E4359385}.Release|x86.ActiveCfg = Release|Win32
		{DBFE0C0F-2928-42C9-9363-1194E4359385}.Release|x86.Build.0 = Release|Win32
	EndGlobalSection
	GlobalSection(SolutionProperties) = preSolution
		HideSolutionNode = FALSE
	EndGlobalSection
	GlobalSection(ExtensibilityGlobals) = postSolution
		SolutionGuid = {E0F45984-21B6-4CBD-A425-FA0ED9DE8B6B}
	EndGlobalSection
EndGlobal
