
Microsoft Visual Studio Solution File, Format Version 12.00
# Visual Studio Version 16
VisualStudioVersion = 16.0.31025.194
MinimumVisualStudioVersion = 10.0.40219.1
Project("{8BC9CEB8-8B4A-11D0-8D11-00A0C91BC942}") = "1_1", "1_1\1_1.vcxproj", "{A70D4D89-08A8-4055-A777-2A176470F307}"
EndProject
Project("{8BC9CEB8-8B4A-11D0-8D11-00A0C91BC942}") = "1_2", "1_2\1_2.vcxproj", "{902165C2-A8FE-4CEF-8D55-4163F64BDB5B}"
EndProject
Project("{8BC9CEB8-8B4A-11D0-8D11-00A0C91BC942}") = "2", "2\2.vcxproj", "{2FBECC8A-AF27-41AC-BC51-E7048DD8CFE4}"
EndProject
Project("{8BC9CEB8-8B4A-11D0-8D11-00A0C91BC942}") = "3", "3\3.vcxproj", "{184D3AF4-5C92-4768-BDA2-BB943B446C98}"
EndProject
Project("{8BC9CEB8-8B4A-11D0-8D11-00A0C91BC942}") = "4", "4\4.vcxproj", "{F8CC2E25-1D5B-4AA1-8536-8D480857B250}"
EndProject
Project("{8BC9CEB8-8B4A-11D0-8D11-00A0C91BC942}") = "5", "5\5.vcxproj", "{23DF6323-88F7-490A-9D82-9EB9BDC20BC1}"
EndProject
Project("{8BC9CEB8-8B4A-11D0-8D11-00A0C91BC942}") = "bonus", "bonus\bonus.vcxproj", "{B9876E4C-A09E-4CEF-B2D7-FE06150E458D}"
EndProject
Project("{8BC9CEB8-8B4A-11D0-8D11-00A0C91BC942}") = "33", "33\33.vcxproj", "{6FFA766D-660D-4D5F-8816-CE1538925718}"
EndProject
Global
	GlobalSection(SolutionConfigurationPlatforms) = preSolution
		Debug|x64 = Debug|x64
		Debug|x86 = Debug|x86
		Release|x64 = Release|x64
		Release|x86 = Release|x86
	EndGlobalSection
	GlobalSection(ProjectConfigurationPlatforms) = postSolution
		{A70D4D89-08A8-4055-A777-2A176470F307}.Debug|x64.ActiveCfg = Debug|x64
		{A70D4D89-08A8-4055-A777-2A176470F307}.Debug|x64.Build.0 = Debug|x64
		{A70D4D89-08A8-4055-A777-2A176470F307}.Debug|x86.ActiveCfg = Debug|Win32
		{A70D4D89-08A8-4055-A777-2A176470F307}.Debug|x86.Build.0 = Debug|Win32
		{A70D4D89-08A8-4055-A777-2A176470F307}.Release|x64.ActiveCfg = Release|x64
		{A70D4D89-08A8-4055-A777-2A176470F307}.Release|x64.Build.0 = Release|x64
		{A70D4D89-08A8-4055-A777-2A176470F307}.Release|x86.ActiveCfg = Release|Win32
		{A70D4D89-08A8-4055-A777-2A176470F307}.Release|x86.Build.0 = Release|Win32
		{902165C2-A8FE-4CEF-8D55-4163F64BDB5B}.Debug|x64.ActiveCfg = Debug|x64
		{902165C2-A8FE-4CEF-8D55-4163F64BDB5B}.Debug|x64.Build.0 = Debug|x64
		{902165C2-A8FE-4CEF-8D55-4163F64BDB5B}.Debug|x86.ActiveCfg = Debug|Win32
		{902165C2-A8FE-4CEF-8D55-4163F64BDB5B}.Debug|x86.Build.0 = Debug|Win32
		{902165C2-A8FE-4CEF-8D55-4163F64BDB5B}.Release|x64.ActiveCfg = Release|x64
		{902165C2-A8FE-4CEF-8D55-4163F64BDB5B}.Release|x64.Build.0 = Release|x64
		{902165C2-A8FE-4CEF-8D55-4163F64BDB5B}.Release|x86.ActiveCfg = Release|Win32
		{902165C2-A8FE-4CEF-8D55-4163F64BDB5B}.Release|x86.Build.0 = Release|Win32
		{2FBECC8A-AF27-41AC-BC51-E7048DD8CFE4}.Debug|x64.ActiveCfg = Debug|x64
		{2FBECC8A-AF27-41AC-BC51-E7048DD8CFE4}.Debug|x64.Build.0 = Debug|x64
		{2FBECC8A-AF27-41AC-BC51-E7048DD8CFE4}.Debug|x86.ActiveCfg = Debug|Win32
		{2FBECC8A-AF27-41AC-BC51-E7048DD8CFE4}.Debug|x86.Build.0 = Debug|Win32
		{2FBECC8A-AF27-41AC-BC51-E7048DD8CFE4}.Release|x64.ActiveCfg = Release|x64
		{2FBECC8A-AF27-41AC-BC51-E7048DD8CFE4}.Release|x64.Build.0 = Release|x64
		{2FBECC8A-AF27-41AC-BC51-E7048DD8CFE4}.Release|x86.ActiveCfg = Release|Win32
		{2FBECC8A-AF27-41AC-BC51-E7048DD8CFE4}.Release|x86.Build.0 = Release|Win32
		{184D3AF4-5C92-4768-BDA2-BB943B446C98}.Debug|x64.ActiveCfg = Debug|x64
		{184D3AF4-5C92-4768-BDA2-BB943B446C98}.Debug|x64.Build.0 = Debug|x64
		{184D3AF4-5C92-4768-BDA2-BB943B446C98}.Debug|x86.ActiveCfg = Debug|Win32
		{184D3AF4-5C92-4768-BDA2-BB943B446C98}.Debug|x86.Build.0 = Debug|Win32
		{184D3AF4-5C92-4768-BDA2-BB943B446C98}.Release|x64.ActiveCfg = Release|x64
		{184D3AF4-5C92-4768-BDA2-BB943B446C98}.Release|x64.Build.0 = Release|x64
		{184D3AF4-5C92-4768-BDA2-BB943B446C98}.Release|x86.ActiveCfg = Release|Win32
		{184D3AF4-5C92-4768-BDA2-BB943B446C98}.Release|x86.Build.0 = Release|Win32
		{F8CC2E25-1D5B-4AA1-8536-8D480857B250}.Debug|x64.ActiveCfg = Debug|x64
		{F8CC2E25-1D5B-4AA1-8536-8D480857B250}.Debug|x64.Build.0 = Debug|x64
		{F8CC2E25-1D5B-4AA1-8536-8D480857B250}.Debug|x86.ActiveCfg = Debug|Win32
		{F8CC2E25-1D5B-4AA1-8536-8D480857B250}.Debug|x86.Build.0 = Debug|Win32
		{F8CC2E25-1D5B-4AA1-8536-8D480857B250}.Release|x64.ActiveCfg = Release|x64
		{F8CC2E25-1D5B-4AA1-8536-8D480857B250}.Release|x64.Build.0 = Release|x64
		{F8CC2E25-1D5B-4AA1-8536-8D480857B250}.Release|x86.ActiveCfg = Release|Win32
		{F8CC2E25-1D5B-4AA1-8536-8D480857B250}.Release|x86.Build.0 = Release|Win32
		{23DF6323-88F7-490A-9D82-9EB9BDC20BC1}.Debug|x64.ActiveCfg = Debug|x64
		{23DF6323-88F7-490A-9D82-9EB9BDC20BC1}.Debug|x64.Build.0 = Debug|x64
		{23DF6323-88F7-490A-9D82-9EB9BDC20BC1}.Debug|x86.ActiveCfg = Debug|Win32
		{23DF6323-88F7-490A-9D82-9EB9BDC20BC1}.Debug|x86.Build.0 = Debug|Win32
		{23DF6323-88F7-490A-9D82-9EB9BDC20BC1}.Release|x64.ActiveCfg = Release|x64
		{23DF6323-88F7-490A-9D82-9EB9BDC20BC1}.Release|x64.Build.0 = Release|x64
		{23DF6323-88F7-490A-9D82-9EB9BDC20BC1}.Release|x86.ActiveCfg = Release|Win32
		{23DF6323-88F7-490A-9D82-9EB9BDC20BC1}.Release|x86.Build.0 = Release|Win32
		{B9876E4C-A09E-4CEF-B2D7-FE06150E458D}.Debug|x64.ActiveCfg = Debug|x64
		{B9876E4C-A09E-4CEF-B2D7-FE06150E458D}.Debug|x64.Build.0 = Debug|x64
		{B9876E4C-A09E-4CEF-B2D7-FE06150E458D}.Debug|x86.ActiveCfg = Debug|Win32
		{B9876E4C-A09E-4CEF-B2D7-FE06150E458D}.Debug|x86.Build.0 = Debug|Win32
		{B9876E4C-A09E-4CEF-B2D7-FE06150E458D}.Release|x64.ActiveCfg = Release|x64
		{B9876E4C-A09E-4CEF-B2D7-FE06150E458D}.Release|x64.Build.0 = Release|x64
		{B9876E4C-A09E-4CEF-B2D7-FE06150E458D}.Release|x86.ActiveCfg = Release|Win32
		{B9876E4C-A09E-4CEF-B2D7-FE06150E458D}.Release|x86.Build.0 = Release|Win32
		{6FFA766D-660D-4D5F-8816-CE1538925718}.Debug|x64.ActiveCfg = Debug|x64
		{6FFA766D-660D-4D5F-8816-CE1538925718}.Debug|x64.Build.0 = Debug|x64
		{6FFA766D-660D-4D5F-8816-CE1538925718}.Debug|x86.ActiveCfg = Debug|Win32
		{6FFA766D-660D-4D5F-8816-CE1538925718}.Debug|x86.Build.0 = Debug|Win32
		{6FFA766D-660D-4D5F-8816-CE1538925718}.Release|x64.ActiveCfg = Release|x64
		{6FFA766D-660D-4D5F-8816-CE1538925718}.Release|x64.Build.0 = Release|x64
		{6FFA766D-660D-4D5F-8816-CE1538925718}.Release|x86.ActiveCfg = Release|Win32
		{6FFA766D-660D-4D5F-8816-CE1538925718}.Release|x86.Build.0 = Release|Win32
	EndGlobalSection
	GlobalSection(SolutionProperties) = preSolution
		HideSolutionNode = FALSE
	EndGlobalSection
	GlobalSection(ExtensibilityGlobals) = postSolution
		SolutionGuid = {C22FB527-1EC6-4588-A8A0-539FA7951315}
	EndGlobalSection
EndGlobal
