
Microsoft Visual Studio Solution File, Format Version 12.00
# Visual Studio Version 16
VisualStudioVersion = 16.0.30204.135
MinimumVisualStudioVersion = 10.0.40219.1
Project("{8BC9CEB8-8B4A-11D0-8D11-00A0C91BC942}") = "LAB4_1_1", "LAB4_1_1\LAB4_1_1.vcxproj", "{D3566BB0-49BB-49A5-97D8-69DB52A33BEE}"
EndProject
Project("{8BC9CEB8-8B4A-11D0-8D11-00A0C91BC942}") = "LAB4_1_2", "LAB4_1_2\LAB4_1_2.vcxproj", "{FDF1981A-74AE-4620-ACFD-AE8A07442EA7}"
EndProject
Project("{8BC9CEB8-8B4A-11D0-8D11-00A0C91BC942}") = "LAB4_2", "LAB4_2\LAB4_2.vcxproj", "{210259F1-1FB1-474E-B9C7-1C4B9639DEAC}"
EndProject
Project("{8BC9CEB8-8B4A-11D0-8D11-00A0C91BC942}") = "LAB4_3", "LAB4_3\LAB4_3.vcxproj", "{BD77C9FE-FF06-421B-81E6-C03B7429F6E2}"
EndProject
Project("{8BC9CEB8-8B4A-11D0-8D11-00A0C91BC942}") = "HW4_3_0", "HW4_3_0\HW4_3_0.vcxproj", "{41E0421E-FFC8-44FD-8CCF-4D8B30441180}"
EndProject
Project("{8BC9CEB8-8B4A-11D0-8D11-00A0C91BC942}") = "HW4_1", "HW4_1\HW4_1.vcxproj", "{7711DD3C-1EAA-474F-A180-243D79B29C0D}"
EndProject
Project("{8BC9CEB8-8B4A-11D0-8D11-00A0C91BC942}") = "HW4_2", "HW4_2\HW4_2.vcxproj", "{A53B9981-A012-4A70-B578-BF494720217E}"
EndProject
Project("{8BC9CEB8-8B4A-11D0-8D11-00A0C91BC942}") = "HW4_3_1", "HW4_3_1\HW4_3_1.vcxproj", "{283E1527-7447-4AC7-9E89-F789087F7793}"
EndProject
Project("{8BC9CEB8-8B4A-11D0-8D11-00A0C91BC942}") = "HW4_4", "HW4_4\HW4_4.vcxproj", "{926A5D3B-B398-4B11-854C-AFC544FB715D}"
EndProject
Project("{8BC9CEB8-8B4A-11D0-8D11-00A0C91BC942}") = "HW4_5_1", "HW4_5_1\HW4_5_1.vcxproj", "{D3FA2528-B226-44BA-A974-4934AE5B0375}"
EndProject
Project("{8BC9CEB8-8B4A-11D0-8D11-00A0C91BC942}") = "HW4_5_2", "HW4_5_2\HW4_5_2.vcxproj", "{D399EB8B-1FA6-4A10-A408-ED78D334922D}"
EndProject
Project("{8BC9CEB8-8B4A-11D0-8D11-00A0C91BC942}") = "challenge4_2", "challenge4_2\challenge4_2.vcxproj", "{41E043B6-8C79-4A0E-BFF5-DA56A0FD21F4}"
EndProject
Project("{8BC9CEB8-8B4A-11D0-8D11-00A0C91BC942}") = "prep", "prep\prep.vcxproj", "{274ADDEC-61DF-44B7-9738-C0E27C6161E6}"
EndProject
Project("{8BC9CEB8-8B4A-11D0-8D11-00A0C91BC942}") = "project01", "project01\project01.vcxproj", "{7123BA05-E5BC-4870-A5FA-0A88ECF4E1EE}"
EndProject
Global
	GlobalSection(SolutionConfigurationPlatforms) = preSolution
		Debug|x64 = Debug|x64
		Debug|x86 = Debug|x86
		Release|x64 = Release|x64
		Release|x86 = Release|x86
	EndGlobalSection
	GlobalSection(ProjectConfigurationPlatforms) = postSolution
		{D3566BB0-49BB-49A5-97D8-69DB52A33BEE}.Debug|x64.ActiveCfg = Debug|x64
		{D3566BB0-49BB-49A5-97D8-69DB52A33BEE}.Debug|x64.Build.0 = Debug|x64
		{D3566BB0-49BB-49A5-97D8-69DB52A33BEE}.Debug|x86.ActiveCfg = Debug|Win32
		{D3566BB0-49BB-49A5-97D8-69DB52A33BEE}.Debug|x86.Build.0 = Debug|Win32
		{D3566BB0-49BB-49A5-97D8-69DB52A33BEE}.Release|x64.ActiveCfg = Release|x64
		{D3566BB0-49BB-49A5-97D8-69DB52A33BEE}.Release|x64.Build.0 = Release|x64
		{D3566BB0-49BB-49A5-97D8-69DB52A33BEE}.Release|x86.ActiveCfg = Release|Win32
		{D3566BB0-49BB-49A5-97D8-69DB52A33BEE}.Release|x86.Build.0 = Release|Win32
		{FDF1981A-74AE-4620-ACFD-AE8A07442EA7}.Debug|x64.ActiveCfg = Debug|x64
		{FDF1981A-74AE-4620-ACFD-AE8A07442EA7}.Debug|x64.Build.0 = Debug|x64
		{FDF1981A-74AE-4620-ACFD-AE8A07442EA7}.Debug|x86.ActiveCfg = Debug|Win32
		{FDF1981A-74AE-4620-ACFD-AE8A07442EA7}.Debug|x86.Build.0 = Debug|Win32
		{FDF1981A-74AE-4620-ACFD-AE8A07442EA7}.Release|x64.ActiveCfg = Release|x64
		{FDF1981A-74AE-4620-ACFD-AE8A07442EA7}.Release|x64.Build.0 = Release|x64
		{FDF1981A-74AE-4620-ACFD-AE8A07442EA7}.Release|x86.ActiveCfg = Release|Win32
		{FDF1981A-74AE-4620-ACFD-AE8A07442EA7}.Release|x86.Build.0 = Release|Win32
		{210259F1-1FB1-474E-B9C7-1C4B9639DEAC}.Debug|x64.ActiveCfg = Debug|x64
		{210259F1-1FB1-474E-B9C7-1C4B9639DEAC}.Debug|x64.Build.0 = Debug|x64
		{210259F1-1FB1-474E-B9C7-1C4B9639DEAC}.Debug|x86.ActiveCfg = Debug|Win32
		{210259F1-1FB1-474E-B9C7-1C4B9639DEAC}.Debug|x86.Build.0 = Debug|Win32
		{210259F1-1FB1-474E-B9C7-1C4B9639DEAC}.Release|x64.ActiveCfg = Release|x64
		{210259F1-1FB1-474E-B9C7-1C4B9639DEAC}.Release|x64.Build.0 = Release|x64
		{210259F1-1FB1-474E-B9C7-1C4B9639DEAC}.Release|x86.ActiveCfg = Release|Win32
		{210259F1-1FB1-474E-B9C7-1C4B9639DEAC}.Release|x86.Build.0 = Release|Win32
		{BD77C9FE-FF06-421B-81E6-C03B7429F6E2}.Debug|x64.ActiveCfg = Debug|x64
		{BD77C9FE-FF06-421B-81E6-C03B7429F6E2}.Debug|x64.Build.0 = Debug|x64
		{BD77C9FE-FF06-421B-81E6-C03B7429F6E2}.Debug|x86.ActiveCfg = Debug|Win32
		{BD77C9FE-FF06-421B-81E6-C03B7429F6E2}.Debug|x86.Build.0 = Debug|Win32
		{BD77C9FE-FF06-421B-81E6-C03B7429F6E2}.Release|x64.ActiveCfg = Release|x64
		{BD77C9FE-FF06-421B-81E6-C03B7429F6E2}.Release|x64.Build.0 = Release|x64
		{BD77C9FE-FF06-421B-81E6-C03B7429F6E2}.Release|x86.ActiveCfg = Release|Win32
		{BD77C9FE-FF06-421B-81E6-C03B7429F6E2}.Release|x86.Build.0 = Release|Win32
		{41E0421E-FFC8-44FD-8CCF-4D8B30441180}.Debug|x64.ActiveCfg = Debug|x64
		{41E0421E-FFC8-44FD-8CCF-4D8B30441180}.Debug|x64.Build.0 = Debug|x64
		{41E0421E-FFC8-44FD-8CCF-4D8B30441180}.Debug|x86.ActiveCfg = Debug|Win32
		{41E0421E-FFC8-44FD-8CCF-4D8B30441180}.Debug|x86.Build.0 = Debug|Win32
		{41E0421E-FFC8-44FD-8CCF-4D8B30441180}.Release|x64.ActiveCfg = Release|x64
		{41E0421E-FFC8-44FD-8CCF-4D8B30441180}.Release|x64.Build.0 = Release|x64
		{41E0421E-FFC8-44FD-8CCF-4D8B30441180}.Release|x86.ActiveCfg = Release|Win32
		{41E0421E-FFC8-44FD-8CCF-4D8B30441180}.Release|x86.Build.0 = Release|Win32
		{7711DD3C-1EAA-474F-A180-243D79B29C0D}.Debug|x64.ActiveCfg = Debug|x64
		{7711DD3C-1EAA-474F-A180-243D79B29C0D}.Debug|x64.Build.0 = Debug|x64
		{7711DD3C-1EAA-474F-A180-243D79B29C0D}.Debug|x86.ActiveCfg = Debug|Win32
		{7711DD3C-1EAA-474F-A180-243D79B29C0D}.Debug|x86.Build.0 = Debug|Win32
		{7711DD3C-1EAA-474F-A180-243D79B29C0D}.Release|x64.ActiveCfg = Release|x64
		{7711DD3C-1EAA-474F-A180-243D79B29C0D}.Release|x64.Build.0 = Release|x64
		{7711DD3C-1EAA-474F-A180-243D79B29C0D}.Release|x86.ActiveCfg = Release|Win32
		{7711DD3C-1EAA-474F-A180-243D79B29C0D}.Release|x86.Build.0 = Release|Win32
		{A53B9981-A012-4A70-B578-BF494720217E}.Debug|x64.ActiveCfg = Debug|x64
		{A53B9981-A012-4A70-B578-BF494720217E}.Debug|x64.Build.0 = Debug|x64
		{A53B9981-A012-4A70-B578-BF494720217E}.Debug|x86.ActiveCfg = Debug|Win32
		{A53B9981-A012-4A70-B578-BF494720217E}.Debug|x86.Build.0 = Debug|Win32
		{A53B9981-A012-4A70-B578-BF494720217E}.Release|x64.ActiveCfg = Release|x64
		{A53B9981-A012-4A70-B578-BF494720217E}.Release|x64.Build.0 = Release|x64
		{A53B9981-A012-4A70-B578-BF494720217E}.Release|x86.ActiveCfg = Release|Win32
		{A53B9981-A012-4A70-B578-BF494720217E}.Release|x86.Build.0 = Release|Win32
		{283E1527-7447-4AC7-9E89-F789087F7793}.Debug|x64.ActiveCfg = Debug|x64
		{283E1527-7447-4AC7-9E89-F789087F7793}.Debug|x64.Build.0 = Debug|x64
		{283E1527-7447-4AC7-9E89-F789087F7793}.Debug|x86.ActiveCfg = Debug|Win32
		{283E1527-7447-4AC7-9E89-F789087F7793}.Debug|x86.Build.0 = Debug|Win32
		{283E1527-7447-4AC7-9E89-F789087F7793}.Release|x64.ActiveCfg = Release|x64
		{283E1527-7447-4AC7-9E89-F789087F7793}.Release|x64.Build.0 = Release|x64
		{283E1527-7447-4AC7-9E89-F789087F7793}.Release|x86.ActiveCfg = Release|Win32
		{283E1527-7447-4AC7-9E89-F789087F7793}.Release|x86.Build.0 = Release|Win32
		{926A5D3B-B398-4B11-854C-AFC544FB715D}.Debug|x64.ActiveCfg = Debug|x64
		{926A5D3B-B398-4B11-854C-AFC544FB715D}.Debug|x64.Build.0 = Debug|x64
		{926A5D3B-B398-4B11-854C-AFC544FB715D}.Debug|x86.ActiveCfg = Debug|Win32
		{926A5D3B-B398-4B11-854C-AFC544FB715D}.Debug|x86.Build.0 = Debug|Win32
		{926A5D3B-B398-4B11-854C-AFC544FB715D}.Release|x64.ActiveCfg = Release|x64
		{926A5D3B-B398-4B11-854C-AFC544FB715D}.Release|x64.Build.0 = Release|x64
		{926A5D3B-B398-4B11-854C-AFC544FB715D}.Release|x86.ActiveCfg = Release|Win32
		{926A5D3B-B398-4B11-854C-AFC544FB715D}.Release|x86.Build.0 = Release|Win32
		{D3FA2528-B226-44BA-A974-4934AE5B0375}.Debug|x64.ActiveCfg = Debug|x64
		{D3FA2528-B226-44BA-A974-4934AE5B0375}.Debug|x64.Build.0 = Debug|x64
		{D3FA2528-B226-44BA-A974-4934AE5B0375}.Debug|x86.ActiveCfg = Debug|Win32
		{D3FA2528-B226-44BA-A974-4934AE5B0375}.Debug|x86.Build.0 = Debug|Win32
		{D3FA2528-B226-44BA-A974-4934AE5B0375}.Release|x64.ActiveCfg = Release|x64
		{D3FA2528-B226-44BA-A974-4934AE5B0375}.Release|x64.Build.0 = Release|x64
		{D3FA2528-B226-44BA-A974-4934AE5B0375}.Release|x86.ActiveCfg = Release|Win32
		{D3FA2528-B226-44BA-A974-4934AE5B0375}.Release|x86.Build.0 = Release|Win32
		{D399EB8B-1FA6-4A10-A408-ED78D334922D}.Debug|x64.ActiveCfg = Debug|x64
		{D399EB8B-1FA6-4A10-A408-ED78D334922D}.Debug|x64.Build.0 = Debug|x64
		{D399EB8B-1FA6-4A10-A408-ED78D334922D}.Debug|x86.ActiveCfg = Debug|Win32
		{D399EB8B-1FA6-4A10-A408-ED78D334922D}.Debug|x86.Build.0 = Debug|Win32
		{D399EB8B-1FA6-4A10-A408-ED78D334922D}.Release|x64.ActiveCfg = Release|x64
		{D399EB8B-1FA6-4A10-A408-ED78D334922D}.Release|x64.Build.0 = Release|x64
		{D399EB8B-1FA6-4A10-A408-ED78D334922D}.Release|x86.ActiveCfg = Release|Win32
		{D399EB8B-1FA6-4A10-A408-ED78D334922D}.Release|x86.Build.0 = Release|Win32
		{41E043B6-8C79-4A0E-BFF5-DA56A0FD21F4}.Debug|x64.ActiveCfg = Debug|x64
		{41E043B6-8C79-4A0E-BFF5-DA56A0FD21F4}.Debug|x64.Build.0 = Debug|x64
		{41E043B6-8C79-4A0E-BFF5-DA56A0FD21F4}.Debug|x86.ActiveCfg = Debug|Win32
		{41E043B6-8C79-4A0E-BFF5-DA56A0FD21F4}.Debug|x86.Build.0 = Debug|Win32
		{41E043B6-8C79-4A0E-BFF5-DA56A0FD21F4}.Release|x64.ActiveCfg = Release|x64
		{41E043B6-8C79-4A0E-BFF5-DA56A0FD21F4}.Release|x64.Build.0 = Release|x64
		{41E043B6-8C79-4A0E-BFF5-DA56A0FD21F4}.Release|x86.ActiveCfg = Release|Win32
		{41E043B6-8C79-4A0E-BFF5-DA56A0FD21F4}.Release|x86.Build.0 = Release|Win32
		{274ADDEC-61DF-44B7-9738-C0E27C6161E6}.Debug|x64.ActiveCfg = Debug|x64
		{274ADDEC-61DF-44B7-9738-C0E27C6161E6}.Debug|x64.Build.0 = Debug|x64
		{274ADDEC-61DF-44B7-9738-C0E27C6161E6}.Debug|x86.ActiveCfg = Debug|Win32
		{274ADDEC-61DF-44B7-9738-C0E27C6161E6}.Debug|x86.Build.0 = Debug|Win32
		{274ADDEC-61DF-44B7-9738-C0E27C6161E6}.Release|x64.ActiveCfg = Release|x64
		{274ADDEC-61DF-44B7-9738-C0E27C6161E6}.Release|x64.Build.0 = Release|x64
		{274ADDEC-61DF-44B7-9738-C0E27C6161E6}.Release|x86.ActiveCfg = Release|Win32
		{274ADDEC-61DF-44B7-9738-C0E27C6161E6}.Release|x86.Build.0 = Release|Win32
		{7123BA05-E5BC-4870-A5FA-0A88ECF4E1EE}.Debug|x64.ActiveCfg = Debug|x64
		{7123BA05-E5BC-4870-A5FA-0A88ECF4E1EE}.Debug|x64.Build.0 = Debug|x64
		{7123BA05-E5BC-4870-A5FA-0A88ECF4E1EE}.Debug|x86.ActiveCfg = Debug|Win32
		{7123BA05-E5BC-4870-A5FA-0A88ECF4E1EE}.Debug|x86.Build.0 = Debug|Win32
		{7123BA05-E5BC-4870-A5FA-0A88ECF4E1EE}.Release|x64.ActiveCfg = Release|x64
		{7123BA05-E5BC-4870-A5FA-0A88ECF4E1EE}.Release|x64.Build.0 = Release|x64
		{7123BA05-E5BC-4870-A5FA-0A88ECF4E1EE}.Release|x86.ActiveCfg = Release|Win32
		{7123BA05-E5BC-4870-A5FA-0A88ECF4E1EE}.Release|x86.Build.0 = Release|Win32
	EndGlobalSection
	GlobalSection(SolutionProperties) = preSolution
		HideSolutionNode = FALSE
	EndGlobalSection
	GlobalSection(ExtensibilityGlobals) = postSolution
		SolutionGuid = {E7C35E3D-3B0D-4828-899B-075D6CEEEE92}
	EndGlobalSection
EndGlobal
