
Microsoft Visual Studio Solution File, Format Version 12.00
# Visual Studio Version 16
VisualStudioVersion = 16.0.29911.84
MinimumVisualStudioVersion = 10.0.40219.1
Project("{8BC9CEB8-8B4A-11D0-8D11-00A0C91BC942}") = "LAB9_a", "LAB9_a\LAB9_a.vcxproj", "{5597B3B8-6401-4EA3-9806-3234D73CF613}"
EndProject
Project("{8BC9CEB8-8B4A-11D0-8D11-00A0C91BC942}") = "LAB9_b", "LAB9_b\LAB9_b.vcxproj", "{B4C52D68-DDB1-4118-8DE2-4767BABDDEB1}"
EndProject
Project("{8BC9CEB8-8B4A-11D0-8D11-00A0C91BC942}") = "LAB9_1", "LAB9_1\LAB9_1.vcxproj", "{A7BAB5E1-41CF-476E-BC44-6AB0891032CE}"
EndProject
Project("{8BC9CEB8-8B4A-11D0-8D11-00A0C91BC942}") = "LAB9_2", "LAB9_2\LAB9_2.vcxproj", "{113E0FDA-B745-41AE-9C6A-67A5FD48358C}"
EndProject
Project("{8BC9CEB8-8B4A-11D0-8D11-00A0C91BC942}") = "LAB9_3_1", "LAB9_3_1\LAB9_3_1.vcxproj", "{55EBAE0F-2638-4FCC-B1EE-F3FCBFA64516}"
EndProject
Project("{8BC9CEB8-8B4A-11D0-8D11-00A0C91BC942}") = "LAB9_3_2", "LAB9_3_2\LAB9_3_2.vcxproj", "{3B269C3B-3822-4A0E-B5B7-8BC986F286EC}"
EndProject
Project("{8BC9CEB8-8B4A-11D0-8D11-00A0C91BC942}") = "LAB9_4_0", "LAB9_4_0\LAB9_4_0.vcxproj", "{FA30DE21-1009-4335-BD66-F15BA0F47346}"
EndProject
Project("{8BC9CEB8-8B4A-11D0-8D11-00A0C91BC942}") = "LAB9_4_1", "LAB9_4_1\LAB9_4_1.vcxproj", "{CB7B56BD-51E7-4131-93CB-3553D1E48B9A}"
EndProject
Project("{8BC9CEB8-8B4A-11D0-8D11-00A0C91BC942}") = "HW9_1", "HW9_1\HW9_1.vcxproj", "{7C90B661-E546-4B03-8FAD-5233DB9F4B9A}"
EndProject
Project("{8BC9CEB8-8B4A-11D0-8D11-00A0C91BC942}") = "HW9_2_1", "HW9_2_1\HW9_2_1.vcxproj", "{F889D529-418C-46D8-9C05-50B0A7303A4A}"
EndProject
Project("{8BC9CEB8-8B4A-11D0-8D11-00A0C91BC942}") = "LAB9_4_a", "LAB9_4_a\LAB9_4_a.vcxproj", "{9A2FBE2A-9A3A-4A2C-AB49-248EB1744C33}"
EndProject
Project("{8BC9CEB8-8B4A-11D0-8D11-00A0C91BC942}") = "LAB9_4_b", "LAB9_4_b\LAB9_4_b.vcxproj", "{C1D336CC-40A2-448A-9811-15F86D80CF5F}"
EndProject
Project("{8BC9CEB8-8B4A-11D0-8D11-00A0C91BC942}") = "HW9_2_2", "HW9_2_2\HW9_2_2.vcxproj", "{4D28FF59-CD82-4430-8554-60B20905C7CC}"
EndProject
Project("{8BC9CEB8-8B4A-11D0-8D11-00A0C91BC942}") = "HW9_3", "HW9_3\HW9_3.vcxproj", "{951856B3-D9D0-421D-B584-391B0588B1CC}"
EndProject
Project("{8BC9CEB8-8B4A-11D0-8D11-00A0C91BC942}") = "HW9_4", "HW9_4\HW9_4.vcxproj", "{437CB50A-3F7E-44E4-BF81-BF002B84DCEB}"
EndProject
Project("{8BC9CEB8-8B4A-11D0-8D11-00A0C91BC942}") = "HW9_5", "HW9_5\HW9_5.vcxproj", "{8C4F977F-A458-4879-89EB-428D20E94EE5}"
EndProject
Project("{8BC9CEB8-8B4A-11D0-8D11-00A0C91BC942}") = "HW9_6", "HW9_6\HW9_6.vcxproj", "{DFAF42B3-50DC-422F-85C5-9100D26E93DD}"
EndProject
Project("{8BC9CEB8-8B4A-11D0-8D11-00A0C91BC942}") = "HW9_나", "HW9_나\HW9_나.vcxproj", "{17A1A6D1-EEC8-41F6-B401-2AFCDBAFE966}"
EndProject
Project("{8BC9CEB8-8B4A-11D0-8D11-00A0C91BC942}") = "HW9_가_0", "HW9_가_0\HW9_가_0.vcxproj", "{81432524-BCE2-4F13-A987-EB075061D792}"
EndProject
Project("{8BC9CEB8-8B4A-11D0-8D11-00A0C91BC942}") = "HW9_가_1", "HW9_가_1\HW9_가_1.vcxproj", "{7CA195DA-3825-4DC7-BABA-6873C1317D06}"
EndProject
Project("{8BC9CEB8-8B4A-11D0-8D11-00A0C91BC942}") = "HW9_다", "HW9_다\HW9_다.vcxproj", "{064C9EE1-F023-4BB3-8316-F0519316135F}"
EndProject
Project("{8BC9CEB8-8B4A-11D0-8D11-00A0C91BC942}") = "HW9_가_2", "HW9_가_2\HW9_가_2.vcxproj", "{56AB2503-31D9-4C04-BB7F-7D1AE45E796B}"
EndProject
Global
	GlobalSection(SolutionConfigurationPlatforms) = preSolution
		Debug|x64 = Debug|x64
		Debug|x86 = Debug|x86
		Release|x64 = Release|x64
		Release|x86 = Release|x86
	EndGlobalSection
	GlobalSection(ProjectConfigurationPlatforms) = postSolution
		{5597B3B8-6401-4EA3-9806-3234D73CF613}.Debug|x64.ActiveCfg = Debug|x64
		{5597B3B8-6401-4EA3-9806-3234D73CF613}.Debug|x64.Build.0 = Debug|x64
		{5597B3B8-6401-4EA3-9806-3234D73CF613}.Debug|x86.ActiveCfg = Debug|Win32
		{5597B3B8-6401-4EA3-9806-3234D73CF613}.Debug|x86.Build.0 = Debug|Win32
		{5597B3B8-6401-4EA3-9806-3234D73CF613}.Release|x64.ActiveCfg = Release|x64
		{5597B3B8-6401-4EA3-9806-3234D73CF613}.Release|x64.Build.0 = Release|x64
		{5597B3B8-6401-4EA3-9806-3234D73CF613}.Release|x86.ActiveCfg = Release|Win32
		{5597B3B8-6401-4EA3-9806-3234D73CF613}.Release|x86.Build.0 = Release|Win32
		{B4C52D68-DDB1-4118-8DE2-4767BABDDEB1}.Debug|x64.ActiveCfg = Debug|x64
		{B4C52D68-DDB1-4118-8DE2-4767BABDDEB1}.Debug|x64.Build.0 = Debug|x64
		{B4C52D68-DDB1-4118-8DE2-4767BABDDEB1}.Debug|x86.ActiveCfg = Debug|Win32
		{B4C52D68-DDB1-4118-8DE2-4767BABDDEB1}.Debug|x86.Build.0 = Debug|Win32
		{B4C52D68-DDB1-4118-8DE2-4767BABDDEB1}.Release|x64.ActiveCfg = Release|x64
		{B4C52D68-DDB1-4118-8DE2-4767BABDDEB1}.Release|x64.Build.0 = Release|x64
		{B4C52D68-DDB1-4118-8DE2-4767BABDDEB1}.Release|x86.ActiveCfg = Release|Win32
		{B4C52D68-DDB1-4118-8DE2-4767BABDDEB1}.Release|x86.Build.0 = Release|Win32
		{A7BAB5E1-41CF-476E-BC44-6AB0891032CE}.Debug|x64.ActiveCfg = Debug|x64
		{A7BAB5E1-41CF-476E-BC44-6AB0891032CE}.Debug|x64.Build.0 = Debug|x64
		{A7BAB5E1-41CF-476E-BC44-6AB0891032CE}.Debug|x86.ActiveCfg = Debug|Win32
		{A7BAB5E1-41CF-476E-BC44-6AB0891032CE}.Debug|x86.Build.0 = Debug|Win32
		{A7BAB5E1-41CF-476E-BC44-6AB0891032CE}.Release|x64.ActiveCfg = Release|x64
		{A7BAB5E1-41CF-476E-BC44-6AB0891032CE}.Release|x64.Build.0 = Release|x64
		{A7BAB5E1-41CF-476E-BC44-6AB0891032CE}.Release|x86.ActiveCfg = Release|Win32
		{A7BAB5E1-41CF-476E-BC44-6AB0891032CE}.Release|x86.Build.0 = Release|Win32
		{113E0FDA-B745-41AE-9C6A-67A5FD48358C}.Debug|x64.ActiveCfg = Debug|x64
		{113E0FDA-B745-41AE-9C6A-67A5FD48358C}.Debug|x64.Build.0 = Debug|x64
		{113E0FDA-B745-41AE-9C6A-67A5FD48358C}.Debug|x86.ActiveCfg = Debug|Win32
		{113E0FDA-B745-41AE-9C6A-67A5FD48358C}.Debug|x86.Build.0 = Debug|Win32
		{113E0FDA-B745-41AE-9C6A-67A5FD48358C}.Release|x64.ActiveCfg = Release|x64
		{113E0FDA-B745-41AE-9C6A-67A5FD48358C}.Release|x64.Build.0 = Release|x64
		{113E0FDA-B745-41AE-9C6A-67A5FD48358C}.Release|x86.ActiveCfg = Release|Win32
		{113E0FDA-B745-41AE-9C6A-67A5FD48358C}.Release|x86.Build.0 = Release|Win32
		{55EBAE0F-2638-4FCC-B1EE-F3FCBFA64516}.Debug|x64.ActiveCfg = Debug|x64
		{55EBAE0F-2638-4FCC-B1EE-F3FCBFA64516}.Debug|x64.Build.0 = Debug|x64
		{55EBAE0F-2638-4FCC-B1EE-F3FCBFA64516}.Debug|x86.ActiveCfg = Debug|Win32
		{55EBAE0F-2638-4FCC-B1EE-F3FCBFA64516}.Debug|x86.Build.0 = Debug|Win32
		{55EBAE0F-2638-4FCC-B1EE-F3FCBFA64516}.Release|x64.ActiveCfg = Release|x64
		{55EBAE0F-2638-4FCC-B1EE-F3FCBFA64516}.Release|x64.Build.0 = Release|x64
		{55EBAE0F-2638-4FCC-B1EE-F3FCBFA64516}.Release|x86.ActiveCfg = Release|Win32
		{55EBAE0F-2638-4FCC-B1EE-F3FCBFA64516}.Release|x86.Build.0 = Release|Win32
		{3B269C3B-3822-4A0E-B5B7-8BC986F286EC}.Debug|x64.ActiveCfg = Debug|x64
		{3B269C3B-3822-4A0E-B5B7-8BC986F286EC}.Debug|x64.Build.0 = Debug|x64
		{3B269C3B-3822-4A0E-B5B7-8BC986F286EC}.Debug|x86.ActiveCfg = Debug|Win32
		{3B269C3B-3822-4A0E-B5B7-8BC986F286EC}.Debug|x86.Build.0 = Debug|Win32
		{3B269C3B-3822-4A0E-B5B7-8BC986F286EC}.Release|x64.ActiveCfg = Release|x64
		{3B269C3B-3822-4A0E-B5B7-8BC986F286EC}.Release|x64.Build.0 = Release|x64
		{3B269C3B-3822-4A0E-B5B7-8BC986F286EC}.Release|x86.ActiveCfg = Release|Win32
		{3B269C3B-3822-4A0E-B5B7-8BC986F286EC}.Release|x86.Build.0 = Release|Win32
		{FA30DE21-1009-4335-BD66-F15BA0F47346}.Debug|x64.ActiveCfg = Debug|x64
		{FA30DE21-1009-4335-BD66-F15BA0F47346}.Debug|x64.Build.0 = Debug|x64
		{FA30DE21-1009-4335-BD66-F15BA0F47346}.Debug|x86.ActiveCfg = Debug|Win32
		{FA30DE21-1009-4335-BD66-F15BA0F47346}.Debug|x86.Build.0 = Debug|Win32
		{FA30DE21-1009-4335-BD66-F15BA0F47346}.Release|x64.ActiveCfg = Release|x64
		{FA30DE21-1009-4335-BD66-F15BA0F47346}.Release|x64.Build.0 = Release|x64
		{FA30DE21-1009-4335-BD66-F15BA0F47346}.Release|x86.ActiveCfg = Release|Win32
		{FA30DE21-1009-4335-BD66-F15BA0F47346}.Release|x86.Build.0 = Release|Win32
		{CB7B56BD-51E7-4131-93CB-3553D1E48B9A}.Debug|x64.ActiveCfg = Debug|x64
		{CB7B56BD-51E7-4131-93CB-3553D1E48B9A}.Debug|x64.Build.0 = Debug|x64
		{CB7B56BD-51E7-4131-93CB-3553D1E48B9A}.Debug|x86.ActiveCfg = Debug|Win32
		{CB7B56BD-51E7-4131-93CB-3553D1E48B9A}.Debug|x86.Build.0 = Debug|Win32
		{CB7B56BD-51E7-4131-93CB-3553D1E48B9A}.Release|x64.ActiveCfg = Release|x64
		{CB7B56BD-51E7-4131-93CB-3553D1E48B9A}.Release|x64.Build.0 = Release|x64
		{CB7B56BD-51E7-4131-93CB-3553D1E48B9A}.Release|x86.ActiveCfg = Release|Win32
		{CB7B56BD-51E7-4131-93CB-3553D1E48B9A}.Release|x86.Build.0 = Release|Win32
		{7C90B661-E546-4B03-8FAD-5233DB9F4B9A}.Debug|x64.ActiveCfg = Debug|x64
		{7C90B661-E546-4B03-8FAD-5233DB9F4B9A}.Debug|x64.Build.0 = Debug|x64
		{7C90B661-E546-4B03-8FAD-5233DB9F4B9A}.Debug|x86.ActiveCfg = Debug|Win32
		{7C90B661-E546-4B03-8FAD-5233DB9F4B9A}.Debug|x86.Build.0 = Debug|Win32
		{7C90B661-E546-4B03-8FAD-5233DB9F4B9A}.Release|x64.ActiveCfg = Release|x64
		{7C90B661-E546-4B03-8FAD-5233DB9F4B9A}.Release|x64.Build.0 = Release|x64
		{7C90B661-E546-4B03-8FAD-5233DB9F4B9A}.Release|x86.ActiveCfg = Release|Win32
		{7C90B661-E546-4B03-8FAD-5233DB9F4B9A}.Release|x86.Build.0 = Release|Win32
		{F889D529-418C-46D8-9C05-50B0A7303A4A}.Debug|x64.ActiveCfg = Debug|x64
		{F889D529-418C-46D8-9C05-50B0A7303A4A}.Debug|x64.Build.0 = Debug|x64
		{F889D529-418C-46D8-9C05-50B0A7303A4A}.Debug|x86.ActiveCfg = Debug|Win32
		{F889D529-418C-46D8-9C05-50B0A7303A4A}.Debug|x86.Build.0 = Debug|Win32
		{F889D529-418C-46D8-9C05-50B0A7303A4A}.Release|x64.ActiveCfg = Release|x64
		{F889D529-418C-46D8-9C05-50B0A7303A4A}.Release|x64.Build.0 = Release|x64
		{F889D529-418C-46D8-9C05-50B0A7303A4A}.Release|x86.ActiveCfg = Release|Win32
		{F889D529-418C-46D8-9C05-50B0A7303A4A}.Release|x86.Build.0 = Release|Win32
		{9A2FBE2A-9A3A-4A2C-AB49-248EB1744C33}.Debug|x64.ActiveCfg = Debug|x64
		{9A2FBE2A-9A3A-4A2C-AB49-248EB1744C33}.Debug|x64.Build.0 = Debug|x64
		{9A2FBE2A-9A3A-4A2C-AB49-248EB1744C33}.Debug|x86.ActiveCfg = Debug|Win32
		{9A2FBE2A-9A3A-4A2C-AB49-248EB1744C33}.Debug|x86.Build.0 = Debug|Win32
		{9A2FBE2A-9A3A-4A2C-AB49-248EB1744C33}.Release|x64.ActiveCfg = Release|x64
		{9A2FBE2A-9A3A-4A2C-AB49-248EB1744C33}.Release|x64.Build.0 = Release|x64
		{9A2FBE2A-9A3A-4A2C-AB49-248EB1744C33}.Release|x86.ActiveCfg = Release|Win32
		{9A2FBE2A-9A3A-4A2C-AB49-248EB1744C33}.Release|x86.Build.0 = Release|Win32
		{C1D336CC-40A2-448A-9811-15F86D80CF5F}.Debug|x64.ActiveCfg = Debug|x64
		{C1D336CC-40A2-448A-9811-15F86D80CF5F}.Debug|x64.Build.0 = Debug|x64
		{C1D336CC-40A2-448A-9811-15F86D80CF5F}.Debug|x86.ActiveCfg = Debug|Win32
		{C1D336CC-40A2-448A-9811-15F86D80CF5F}.Debug|x86.Build.0 = Debug|Win32
		{C1D336CC-40A2-448A-9811-15F86D80CF5F}.Release|x64.ActiveCfg = Release|x64
		{C1D336CC-40A2-448A-9811-15F86D80CF5F}.Release|x64.Build.0 = Release|x64
		{C1D336CC-40A2-448A-9811-15F86D80CF5F}.Release|x86.ActiveCfg = Release|Win32
		{C1D336CC-40A2-448A-9811-15F86D80CF5F}.Release|x86.Build.0 = Release|Win32
		{4D28FF59-CD82-4430-8554-60B20905C7CC}.Debug|x64.ActiveCfg = Debug|x64
		{4D28FF59-CD82-4430-8554-60B20905C7CC}.Debug|x64.Build.0 = Debug|x64
		{4D28FF59-CD82-4430-8554-60B20905C7CC}.Debug|x86.ActiveCfg = Debug|Win32
		{4D28FF59-CD82-4430-8554-60B20905C7CC}.Debug|x86.Build.0 = Debug|Win32
		{4D28FF59-CD82-4430-8554-60B20905C7CC}.Release|x64.ActiveCfg = Release|x64
		{4D28FF59-CD82-4430-8554-60B20905C7CC}.Release|x64.Build.0 = Release|x64
		{4D28FF59-CD82-4430-8554-60B20905C7CC}.Release|x86.ActiveCfg = Release|Win32
		{4D28FF59-CD82-4430-8554-60B20905C7CC}.Release|x86.Build.0 = Release|Win32
		{951856B3-D9D0-421D-B584-391B0588B1CC}.Debug|x64.ActiveCfg = Debug|x64
		{951856B3-D9D0-421D-B584-391B0588B1CC}.Debug|x64.Build.0 = Debug|x64
		{951856B3-D9D0-421D-B584-391B0588B1CC}.Debug|x86.ActiveCfg = Debug|Win32
		{951856B3-D9D0-421D-B584-391B0588B1CC}.Debug|x86.Build.0 = Debug|Win32
		{951856B3-D9D0-421D-B584-391B0588B1CC}.Release|x64.ActiveCfg = Release|x64
		{951856B3-D9D0-421D-B584-391B0588B1CC}.Release|x64.Build.0 = Release|x64
		{951856B3-D9D0-421D-B584-391B0588B1CC}.Release|x86.ActiveCfg = Release|Win32
		{951856B3-D9D0-421D-B584-391B0588B1CC}.Release|x86.Build.0 = Release|Win32
		{437CB50A-3F7E-44E4-BF81-BF002B84DCEB}.Debug|x64.ActiveCfg = Debug|x64
		{437CB50A-3F7E-44E4-BF81-BF002B84DCEB}.Debug|x64.Build.0 = Debug|x64
		{437CB50A-3F7E-44E4-BF81-BF002B84DCEB}.Debug|x86.ActiveCfg = Debug|Win32
		{437CB50A-3F7E-44E4-BF81-BF002B84DCEB}.Debug|x86.Build.0 = Debug|Win32
		{437CB50A-3F7E-44E4-BF81-BF002B84DCEB}.Release|x64.ActiveCfg = Release|x64
		{437CB50A-3F7E-44E4-BF81-BF002B84DCEB}.Release|x64.Build.0 = Release|x64
		{437CB50A-3F7E-44E4-BF81-BF002B84DCEB}.Release|x86.ActiveCfg = Release|Win32
		{437CB50A-3F7E-44E4-BF81-BF002B84DCEB}.Release|x86.Build.0 = Release|Win32
		{8C4F977F-A458-4879-89EB-428D20E94EE5}.Debug|x64.ActiveCfg = Debug|x64
		{8C4F977F-A458-4879-89EB-428D20E94EE5}.Debug|x64.Build.0 = Debug|x64
		{8C4F977F-A458-4879-89EB-428D20E94EE5}.Debug|x86.ActiveCfg = Debug|Win32
		{8C4F977F-A458-4879-89EB-428D20E94EE5}.Debug|x86.Build.0 = Debug|Win32
		{8C4F977F-A458-4879-89EB-428D20E94EE5}.Release|x64.ActiveCfg = Release|x64
		{8C4F977F-A458-4879-89EB-428D20E94EE5}.Release|x64.Build.0 = Release|x64
		{8C4F977F-A458-4879-89EB-428D20E94EE5}.Release|x86.ActiveCfg = Release|Win32
		{8C4F977F-A458-4879-89EB-428D20E94EE5}.Release|x86.Build.0 = Release|Win32
		{DFAF42B3-50DC-422F-85C5-9100D26E93DD}.Debug|x64.ActiveCfg = Debug|x64
		{DFAF42B3-50DC-422F-85C5-9100D26E93DD}.Debug|x64.Build.0 = Debug|x64
		{DFAF42B3-50DC-422F-85C5-9100D26E93DD}.Debug|x86.ActiveCfg = Debug|Win32
		{DFAF42B3-50DC-422F-85C5-9100D26E93DD}.Debug|x86.Build.0 = Debug|Win32
		{DFAF42B3-50DC-422F-85C5-9100D26E93DD}.Release|x64.ActiveCfg = Release|x64
		{DFAF42B3-50DC-422F-85C5-9100D26E93DD}.Release|x64.Build.0 = Release|x64
		{DFAF42B3-50DC-422F-85C5-9100D26E93DD}.Release|x86.ActiveCfg = Release|Win32
		{DFAF42B3-50DC-422F-85C5-9100D26E93DD}.Release|x86.Build.0 = Release|Win32
		{17A1A6D1-EEC8-41F6-B401-2AFCDBAFE966}.Debug|x64.ActiveCfg = Debug|x64
		{17A1A6D1-EEC8-41F6-B401-2AFCDBAFE966}.Debug|x64.Build.0 = Debug|x64
		{17A1A6D1-EEC8-41F6-B401-2AFCDBAFE966}.Debug|x86.ActiveCfg = Debug|Win32
		{17A1A6D1-EEC8-41F6-B401-2AFCDBAFE966}.Debug|x86.Build.0 = Debug|Win32
		{17A1A6D1-EEC8-41F6-B401-2AFCDBAFE966}.Release|x64.ActiveCfg = Release|x64
		{17A1A6D1-EEC8-41F6-B401-2AFCDBAFE966}.Release|x64.Build.0 = Release|x64
		{17A1A6D1-EEC8-41F6-B401-2AFCDBAFE966}.Release|x86.ActiveCfg = Release|Win32
		{17A1A6D1-EEC8-41F6-B401-2AFCDBAFE966}.Release|x86.Build.0 = Release|Win32
		{81432524-BCE2-4F13-A987-EB075061D792}.Debug|x64.ActiveCfg = Debug|x64
		{81432524-BCE2-4F13-A987-EB075061D792}.Debug|x64.Build.0 = Debug|x64
		{81432524-BCE2-4F13-A987-EB075061D792}.Debug|x86.ActiveCfg = Debug|Win32
		{81432524-BCE2-4F13-A987-EB075061D792}.Debug|x86.Build.0 = Debug|Win32
		{81432524-BCE2-4F13-A987-EB075061D792}.Release|x64.ActiveCfg = Release|x64
		{81432524-BCE2-4F13-A987-EB075061D792}.Release|x64.Build.0 = Release|x64
		{81432524-BCE2-4F13-A987-EB075061D792}.Release|x86.ActiveCfg = Release|Win32
		{81432524-BCE2-4F13-A987-EB075061D792}.Release|x86.Build.0 = Release|Win32
		{7CA195DA-3825-4DC7-BABA-6873C1317D06}.Debug|x64.ActiveCfg = Debug|x64
		{7CA195DA-3825-4DC7-BABA-6873C1317D06}.Debug|x64.Build.0 = Debug|x64
		{7CA195DA-3825-4DC7-BABA-6873C1317D06}.Debug|x86.ActiveCfg = Debug|Win32
		{7CA195DA-3825-4DC7-BABA-6873C1317D06}.Debug|x86.Build.0 = Debug|Win32
		{7CA195DA-3825-4DC7-BABA-6873C1317D06}.Release|x64.ActiveCfg = Release|x64
		{7CA195DA-3825-4DC7-BABA-6873C1317D06}.Release|x64.Build.0 = Release|x64
		{7CA195DA-3825-4DC7-BABA-6873C1317D06}.Release|x86.ActiveCfg = Release|Win32
		{7CA195DA-3825-4DC7-BABA-6873C1317D06}.Release|x86.Build.0 = Release|Win32
		{064C9EE1-F023-4BB3-8316-F0519316135F}.Debug|x64.ActiveCfg = Debug|x64
		{064C9EE1-F023-4BB3-8316-F0519316135F}.Debug|x64.Build.0 = Debug|x64
		{064C9EE1-F023-4BB3-8316-F0519316135F}.Debug|x86.ActiveCfg = Debug|Win32
		{064C9EE1-F023-4BB3-8316-F0519316135F}.Debug|x86.Build.0 = Debug|Win32
		{064C9EE1-F023-4BB3-8316-F0519316135F}.Release|x64.ActiveCfg = Release|x64
		{064C9EE1-F023-4BB3-8316-F0519316135F}.Release|x64.Build.0 = Release|x64
		{064C9EE1-F023-4BB3-8316-F0519316135F}.Release|x86.ActiveCfg = Release|Win32
		{064C9EE1-F023-4BB3-8316-F0519316135F}.Release|x86.Build.0 = Release|Win32
		{56AB2503-31D9-4C04-BB7F-7D1AE45E796B}.Debug|x64.ActiveCfg = Debug|x64
		{56AB2503-31D9-4C04-BB7F-7D1AE45E796B}.Debug|x64.Build.0 = Debug|x64
		{56AB2503-31D9-4C04-BB7F-7D1AE45E796B}.Debug|x86.ActiveCfg = Debug|Win32
		{56AB2503-31D9-4C04-BB7F-7D1AE45E796B}.Debug|x86.Build.0 = Debug|Win32
		{56AB2503-31D9-4C04-BB7F-7D1AE45E796B}.Release|x64.ActiveCfg = Release|x64
		{56AB2503-31D9-4C04-BB7F-7D1AE45E796B}.Release|x64.Build.0 = Release|x64
		{56AB2503-31D9-4C04-BB7F-7D1AE45E796B}.Release|x86.ActiveCfg = Release|Win32
		{56AB2503-31D9-4C04-BB7F-7D1AE45E796B}.Release|x86.Build.0 = Release|Win32
	EndGlobalSection
	GlobalSection(SolutionProperties) = preSolution
		HideSolutionNode = FALSE
	EndGlobalSection
	GlobalSection(ExtensibilityGlobals) = postSolution
		SolutionGuid = {D6B448D7-BDF8-4474-B4B4-EE5AF9767025}
	EndGlobalSection
EndGlobal
