
Microsoft Visual Studio Solution File, Format Version 12.00
# Visual Studio Version 16
VisualStudioVersion = 16.0.30204.135
MinimumVisualStudioVersion = 10.0.40219.1
Project("{8BC9CEB8-8B4A-11D0-8D11-00A0C91BC942}") = "LAB9_0_2a", "LAB9_0_2a\LAB9_0_2a.vcxproj", "{473ECB85-E889-4916-AF86-BB9295EF4F85}"
EndProject
Project("{8BC9CEB8-8B4A-11D0-8D11-00A0C91BC942}") = "LAB9_0_1", "LAB9_0_1\LAB9_0_1.vcxproj", "{8AB755AE-0439-46B9-A236-EAFF1141B7CB}"
EndProject
Project("{8BC9CEB8-8B4A-11D0-8D11-00A0C91BC942}") = "LAB9_0_2", "LAB9_0_2\LAB9_0_2.vcxproj", "{C5242FC6-B86C-4540-B763-20E3E17A79A7}"
EndProject
Project("{8BC9CEB8-8B4A-11D0-8D11-00A0C91BC942}") = "LAB9_0_2b", "LAB9_0_2b\LAB9_0_2b.vcxproj", "{61ABADB7-3FF4-4159-886A-5E7DB989F1D0}"
EndProject
Project("{8BC9CEB8-8B4A-11D0-8D11-00A0C91BC942}") = "LAB9_1", "LAB9_1\LAB9_1.vcxproj", "{BD2ACCD3-3E81-446D-A60C-78AB9F298554}"
EndProject
Project("{8BC9CEB8-8B4A-11D0-8D11-00A0C91BC942}") = "LAB9_2", "LAB9_2\LAB9_2.vcxproj", "{8D03C7F5-07A0-44B3-B77B-178ED224FEA4}"
EndProject
Project("{8BC9CEB8-8B4A-11D0-8D11-00A0C91BC942}") = "LAB9_3", "LAB9_3\LAB9_3.vcxproj", "{A7209007-3151-4DEE-8640-F9968232D02B}"
EndProject
Project("{8BC9CEB8-8B4A-11D0-8D11-00A0C91BC942}") = "LAB9_4", "LAB9_4\LAB9_4.vcxproj", "{3FD5D83C-B5A4-4C5B-AAED-F122F2A18C76}"
EndProject
Project("{8BC9CEB8-8B4A-11D0-8D11-00A0C91BC942}") = "LAB9_5", "LAB9_5\LAB9_5.vcxproj", "{AD413001-6BE8-42B6-9E2C-AE2621CC0D89}"
EndProject
Project("{8BC9CEB8-8B4A-11D0-8D11-00A0C91BC942}") = "HW9_1", "HW9_1\HW9_1.vcxproj", "{75537568-18B6-4F62-8347-DCFF91E81B2E}"
EndProject
Project("{8BC9CEB8-8B4A-11D0-8D11-00A0C91BC942}") = "HW9_2", "HW9_2\HW9_2.vcxproj", "{C3463311-3B3C-4678-A0C9-4597FFCC963B}"
EndProject
Project("{8BC9CEB8-8B4A-11D0-8D11-00A0C91BC942}") = "오목준비", "오목준비\오목준비.vcxproj", "{91F62ED6-A8E1-44AB-B67B-09EBF2082773}"
EndProject
Project("{8BC9CEB8-8B4A-11D0-8D11-00A0C91BC942}") = "수평오목", "수평오목\수평오목.vcxproj", "{D96C0729-9943-4729-9A05-8AB3E141C762}"
EndProject
Project("{8BC9CEB8-8B4A-11D0-8D11-00A0C91BC942}") = "오목완성", "오목완성\오목완성.vcxproj", "{F7AFF7B9-881C-49A7-9C42-4D4E650B48E9}"
EndProject
Global
	GlobalSection(SolutionConfigurationPlatforms) = preSolution
		Debug|x64 = Debug|x64
		Debug|x86 = Debug|x86
		Release|x64 = Release|x64
		Release|x86 = Release|x86
	EndGlobalSection
	GlobalSection(ProjectConfigurationPlatforms) = postSolution
		{473ECB85-E889-4916-AF86-BB9295EF4F85}.Debug|x64.ActiveCfg = Debug|x64
		{473ECB85-E889-4916-AF86-BB9295EF4F85}.Debug|x64.Build.0 = Debug|x64
		{473ECB85-E889-4916-AF86-BB9295EF4F85}.Debug|x86.ActiveCfg = Debug|Win32
		{473ECB85-E889-4916-AF86-BB9295EF4F85}.Debug|x86.Build.0 = Debug|Win32
		{473ECB85-E889-4916-AF86-BB9295EF4F85}.Release|x64.ActiveCfg = Release|x64
		{473ECB85-E889-4916-AF86-BB9295EF4F85}.Release|x64.Build.0 = Release|x64
		{473ECB85-E889-4916-AF86-BB9295EF4F85}.Release|x86.ActiveCfg = Release|Win32
		{473ECB85-E889-4916-AF86-BB9295EF4F85}.Release|x86.Build.0 = Release|Win32
		{8AB755AE-0439-46B9-A236-EAFF1141B7CB}.Debug|x64.ActiveCfg = Debug|x64
		{8AB755AE-0439-46B9-A236-EAFF1141B7CB}.Debug|x64.Build.0 = Debug|x64
		{8AB755AE-0439-46B9-A236-EAFF1141B7CB}.Debug|x86.ActiveCfg = Debug|Win32
		{8AB755AE-0439-46B9-A236-EAFF1141B7CB}.Debug|x86.Build.0 = Debug|Win32
		{8AB755AE-0439-46B9-A236-EAFF1141B7CB}.Release|x64.ActiveCfg = Release|x64
		{8AB755AE-0439-46B9-A236-EAFF1141B7CB}.Release|x64.Build.0 = Release|x64
		{8AB755AE-0439-46B9-A236-EAFF1141B7CB}.Release|x86.ActiveCfg = Release|Win32
		{8AB755AE-0439-46B9-A236-EAFF1141B7CB}.Release|x86.Build.0 = Release|Win32
		{C5242FC6-B86C-4540-B763-20E3E17A79A7}.Debug|x64.ActiveCfg = Debug|x64
		{C5242FC6-B86C-4540-B763-20E3E17A79A7}.Debug|x64.Build.0 = Debug|x64
		{C5242FC6-B86C-4540-B763-20E3E17A79A7}.Debug|x86.ActiveCfg = Debug|Win32
		{C5242FC6-B86C-4540-B763-20E3E17A79A7}.Debug|x86.Build.0 = Debug|Win32
		{C5242FC6-B86C-4540-B763-20E3E17A79A7}.Release|x64.ActiveCfg = Release|x64
		{C5242FC6-B86C-4540-B763-20E3E17A79A7}.Release|x64.Build.0 = Release|x64
		{C5242FC6-B86C-4540-B763-20E3E17A79A7}.Release|x86.ActiveCfg = Release|Win32
		{C5242FC6-B86C-4540-B763-20E3E17A79A7}.Release|x86.Build.0 = Release|Win32
		{61ABADB7-3FF4-4159-886A-5E7DB989F1D0}.Debug|x64.ActiveCfg = Debug|x64
		{61ABADB7-3FF4-4159-886A-5E7DB989F1D0}.Debug|x64.Build.0 = Debug|x64
		{61ABADB7-3FF4-4159-886A-5E7DB989F1D0}.Debug|x86.ActiveCfg = Debug|Win32
		{61ABADB7-3FF4-4159-886A-5E7DB989F1D0}.Debug|x86.Build.0 = Debug|Win32
		{61ABADB7-3FF4-4159-886A-5E7DB989F1D0}.Release|x64.ActiveCfg = Release|x64
		{61ABADB7-3FF4-4159-886A-5E7DB989F1D0}.Release|x64.Build.0 = Release|x64
		{61ABADB7-3FF4-4159-886A-5E7DB989F1D0}.Release|x86.ActiveCfg = Release|Win32
		{61ABADB7-3FF4-4159-886A-5E7DB989F1D0}.Release|x86.Build.0 = Release|Win32
		{BD2ACCD3-3E81-446D-A60C-78AB9F298554}.Debug|x64.ActiveCfg = Debug|x64
		{BD2ACCD3-3E81-446D-A60C-78AB9F298554}.Debug|x64.Build.0 = Debug|x64
		{BD2ACCD3-3E81-446D-A60C-78AB9F298554}.Debug|x86.ActiveCfg = Debug|Win32
		{BD2ACCD3-3E81-446D-A60C-78AB9F298554}.Debug|x86.Build.0 = Debug|Win32
		{BD2ACCD3-3E81-446D-A60C-78AB9F298554}.Release|x64.ActiveCfg = Release|x64
		{BD2ACCD3-3E81-446D-A60C-78AB9F298554}.Release|x64.Build.0 = Release|x64
		{BD2ACCD3-3E81-446D-A60C-78AB9F298554}.Release|x86.ActiveCfg = Release|Win32
		{BD2ACCD3-3E81-446D-A60C-78AB9F298554}.Release|x86.Build.0 = Release|Win32
		{8D03C7F5-07A0-44B3-B77B-178ED224FEA4}.Debug|x64.ActiveCfg = Debug|x64
		{8D03C7F5-07A0-44B3-B77B-178ED224FEA4}.Debug|x64.Build.0 = Debug|x64
		{8D03C7F5-07A0-44B3-B77B-178ED224FEA4}.Debug|x86.ActiveCfg = Debug|Win32
		{8D03C7F5-07A0-44B3-B77B-178ED224FEA4}.Debug|x86.Build.0 = Debug|Win32
		{8D03C7F5-07A0-44B3-B77B-178ED224FEA4}.Release|x64.ActiveCfg = Release|x64
		{8D03C7F5-07A0-44B3-B77B-178ED224FEA4}.Release|x64.Build.0 = Release|x64
		{8D03C7F5-07A0-44B3-B77B-178ED224FEA4}.Release|x86.ActiveCfg = Release|Win32
		{8D03C7F5-07A0-44B3-B77B-178ED224FEA4}.Release|x86.Build.0 = Release|Win32
		{A7209007-3151-4DEE-8640-F9968232D02B}.Debug|x64.ActiveCfg = Debug|x64
		{A7209007-3151-4DEE-8640-F9968232D02B}.Debug|x64.Build.0 = Debug|x64
		{A7209007-3151-4DEE-8640-F9968232D02B}.Debug|x86.ActiveCfg = Debug|Win32
		{A7209007-3151-4DEE-8640-F9968232D02B}.Debug|x86.Build.0 = Debug|Win32
		{A7209007-3151-4DEE-8640-F9968232D02B}.Release|x64.ActiveCfg = Release|x64
		{A7209007-3151-4DEE-8640-F9968232D02B}.Release|x64.Build.0 = Release|x64
		{A7209007-3151-4DEE-8640-F9968232D02B}.Release|x86.ActiveCfg = Release|Win32
		{A7209007-3151-4DEE-8640-F9968232D02B}.Release|x86.Build.0 = Release|Win32
		{3FD5D83C-B5A4-4C5B-AAED-F122F2A18C76}.Debug|x64.ActiveCfg = Debug|x64
		{3FD5D83C-B5A4-4C5B-AAED-F122F2A18C76}.Debug|x64.Build.0 = Debug|x64
		{3FD5D83C-B5A4-4C5B-AAED-F122F2A18C76}.Debug|x86.ActiveCfg = Debug|Win32
		{3FD5D83C-B5A4-4C5B-AAED-F122F2A18C76}.Debug|x86.Build.0 = Debug|Win32
		{3FD5D83C-B5A4-4C5B-AAED-F122F2A18C76}.Release|x64.ActiveCfg = Release|x64
		{3FD5D83C-B5A4-4C5B-AAED-F122F2A18C76}.Release|x64.Build.0 = Release|x64
		{3FD5D83C-B5A4-4C5B-AAED-F122F2A18C76}.Release|x86.ActiveCfg = Release|Win32
		{3FD5D83C-B5A4-4C5B-AAED-F122F2A18C76}.Release|x86.Build.0 = Release|Win32
		{AD413001-6BE8-42B6-9E2C-AE2621CC0D89}.Debug|x64.ActiveCfg = Debug|x64
		{AD413001-6BE8-42B6-9E2C-AE2621CC0D89}.Debug|x64.Build.0 = Debug|x64
		{AD413001-6BE8-42B6-9E2C-AE2621CC0D89}.Debug|x86.ActiveCfg = Debug|Win32
		{AD413001-6BE8-42B6-9E2C-AE2621CC0D89}.Debug|x86.Build.0 = Debug|Win32
		{AD413001-6BE8-42B6-9E2C-AE2621CC0D89}.Release|x64.ActiveCfg = Release|x64
		{AD413001-6BE8-42B6-9E2C-AE2621CC0D89}.Release|x64.Build.0 = Release|x64
		{AD413001-6BE8-42B6-9E2C-AE2621CC0D89}.Release|x86.ActiveCfg = Release|Win32
		{AD413001-6BE8-42B6-9E2C-AE2621CC0D89}.Release|x86.Build.0 = Release|Win32
		{75537568-18B6-4F62-8347-DCFF91E81B2E}.Debug|x64.ActiveCfg = Debug|x64
		{75537568-18B6-4F62-8347-DCFF91E81B2E}.Debug|x64.Build.0 = Debug|x64
		{75537568-18B6-4F62-8347-DCFF91E81B2E}.Debug|x86.ActiveCfg = Debug|Win32
		{75537568-18B6-4F62-8347-DCFF91E81B2E}.Debug|x86.Build.0 = Debug|Win32
		{75537568-18B6-4F62-8347-DCFF91E81B2E}.Release|x64.ActiveCfg = Release|x64
		{75537568-18B6-4F62-8347-DCFF91E81B2E}.Release|x64.Build.0 = Release|x64
		{75537568-18B6-4F62-8347-DCFF91E81B2E}.Release|x86.ActiveCfg = Release|Win32
		{75537568-18B6-4F62-8347-DCFF91E81B2E}.Release|x86.Build.0 = Release|Win32
		{C3463311-3B3C-4678-A0C9-4597FFCC963B}.Debug|x64.ActiveCfg = Debug|x64
		{C3463311-3B3C-4678-A0C9-4597FFCC963B}.Debug|x64.Build.0 = Debug|x64
		{C3463311-3B3C-4678-A0C9-4597FFCC963B}.Debug|x86.ActiveCfg = Debug|Win32
		{C3463311-3B3C-4678-A0C9-4597FFCC963B}.Debug|x86.Build.0 = Debug|Win32
		{C3463311-3B3C-4678-A0C9-4597FFCC963B}.Release|x64.ActiveCfg = Release|x64
		{C3463311-3B3C-4678-A0C9-4597FFCC963B}.Release|x64.Build.0 = Release|x64
		{C3463311-3B3C-4678-A0C9-4597FFCC963B}.Release|x86.ActiveCfg = Release|Win32
		{C3463311-3B3C-4678-A0C9-4597FFCC963B}.Release|x86.Build.0 = Release|Win32
		{91F62ED6-A8E1-44AB-B67B-09EBF2082773}.Debug|x64.ActiveCfg = Debug|x64
		{91F62ED6-A8E1-44AB-B67B-09EBF2082773}.Debug|x64.Build.0 = Debug|x64
		{91F62ED6-A8E1-44AB-B67B-09EBF2082773}.Debug|x86.ActiveCfg = Debug|Win32
		{91F62ED6-A8E1-44AB-B67B-09EBF2082773}.Debug|x86.Build.0 = Debug|Win32
		{91F62ED6-A8E1-44AB-B67B-09EBF2082773}.Release|x64.ActiveCfg = Release|x64
		{91F62ED6-A8E1-44AB-B67B-09EBF2082773}.Release|x64.Build.0 = Release|x64
		{91F62ED6-A8E1-44AB-B67B-09EBF2082773}.Release|x86.ActiveCfg = Release|Win32
		{91F62ED6-A8E1-44AB-B67B-09EBF2082773}.Release|x86.Build.0 = Release|Win32
		{D96C0729-9943-4729-9A05-8AB3E141C762}.Debug|x64.ActiveCfg = Debug|x64
		{D96C0729-9943-4729-9A05-8AB3E141C762}.Debug|x64.Build.0 = Debug|x64
		{D96C0729-9943-4729-9A05-8AB3E141C762}.Debug|x86.ActiveCfg = Debug|Win32
		{D96C0729-9943-4729-9A05-8AB3E141C762}.Debug|x86.Build.0 = Debug|Win32
		{D96C0729-9943-4729-9A05-8AB3E141C762}.Release|x64.ActiveCfg = Release|x64
		{D96C0729-9943-4729-9A05-8AB3E141C762}.Release|x64.Build.0 = Release|x64
		{D96C0729-9943-4729-9A05-8AB3E141C762}.Release|x86.ActiveCfg = Release|Win32
		{D96C0729-9943-4729-9A05-8AB3E141C762}.Release|x86.Build.0 = Release|Win32
		{F7AFF7B9-881C-49A7-9C42-4D4E650B48E9}.Debug|x64.ActiveCfg = Debug|x64
		{F7AFF7B9-881C-49A7-9C42-4D4E650B48E9}.Debug|x64.Build.0 = Debug|x64
		{F7AFF7B9-881C-49A7-9C42-4D4E650B48E9}.Debug|x86.ActiveCfg = Debug|Win32
		{F7AFF7B9-881C-49A7-9C42-4D4E650B48E9}.Debug|x86.Build.0 = Debug|Win32
		{F7AFF7B9-881C-49A7-9C42-4D4E650B48E9}.Release|x64.ActiveCfg = Release|x64
		{F7AFF7B9-881C-49A7-9C42-4D4E650B48E9}.Release|x64.Build.0 = Release|x64
		{F7AFF7B9-881C-49A7-9C42-4D4E650B48E9}.Release|x86.ActiveCfg = Release|Win32
		{F7AFF7B9-881C-49A7-9C42-4D4E650B48E9}.Release|x86.Build.0 = Release|Win32
	EndGlobalSection
	GlobalSection(SolutionProperties) = preSolution
		HideSolutionNode = FALSE
	EndGlobalSection
	GlobalSection(ExtensibilityGlobals) = postSolution
		SolutionGuid = {BAF44F7D-270C-4EBD-8AB8-6DE1F734E66B}
	EndGlobalSection
EndGlobal
