
Microsoft Visual Studio Solution File, Format Version 12.00
# Visual Studio Version 16
VisualStudioVersion = 16.0.29911.84
MinimumVisualStudioVersion = 10.0.40219.1
Project("{8BC9CEB8-8B4A-11D0-8D11-00A0C91BC942}") = "LAB11_0", "LAB11_0\LAB11_0.vcxproj", "{8062C41F-39F9-43AC-8DEF-3D1B1E5BED41}"
EndProject
Project("{8BC9CEB8-8B4A-11D0-8D11-00A0C91BC942}") = "LAB11_1", "LAB11_1\LAB11_1.vcxproj", "{463F890F-5F0E-4847-9C0D-E479B6B1AD6F}"
EndProject
Project("{8BC9CEB8-8B4A-11D0-8D11-00A0C91BC942}") = "LAB11_2", "LAB11_2\LAB11_2.vcxproj", "{90609709-EC79-4E84-8831-A778386EBE99}"
EndProject
Project("{8BC9CEB8-8B4A-11D0-8D11-00A0C91BC942}") = "LAB11_3", "LAB11_3\LAB11_3.vcxproj", "{1133E3C8-DF98-4ED0-94DD-7C86CE4D255F}"
EndProject
Project("{8BC9CEB8-8B4A-11D0-8D11-00A0C91BC942}") = "HW11_1", "HW11_1\HW11_1.vcxproj", "{D23CBBE5-8716-423A-A2FB-E05881858CC1}"
EndProject
Project("{8BC9CEB8-8B4A-11D0-8D11-00A0C91BC942}") = "HW11_2", "HW11_2\HW11_2.vcxproj", "{EAABDA3E-BE87-4FF9-BC94-6F8EBC2012BA}"
EndProject
Project("{8BC9CEB8-8B4A-11D0-8D11-00A0C91BC942}") = "HW11_3", "HW11_3\HW11_3.vcxproj", "{970AADCE-21C6-415C-8EF8-553F28D38FED}"
EndProject
Project("{8BC9CEB8-8B4A-11D0-8D11-00A0C91BC942}") = "HW11_4_1", "HW11_4_1\HW11_4_1.vcxproj", "{3D5B9F98-74CF-4478-97BB-4EAF9DE38BEC}"
EndProject
Project("{8BC9CEB8-8B4A-11D0-8D11-00A0C91BC942}") = "MersenneNumber", "MersenneNumber\MersenneNumber.vcxproj", "{B6A99FAE-DF3F-4E92-8A30-DA934304A557}"
EndProject
Project("{8BC9CEB8-8B4A-11D0-8D11-00A0C91BC942}") = "HW11_4_0", "HW11_4_0\HW11_4_0.vcxproj", "{0344FE29-F985-4407-B561-18845959B609}"
EndProject
Global
	GlobalSection(SolutionConfigurationPlatforms) = preSolution
		Debug|x64 = Debug|x64
		Debug|x86 = Debug|x86
		Release|x64 = Release|x64
		Release|x86 = Release|x86
	EndGlobalSection
	GlobalSection(ProjectConfigurationPlatforms) = postSolution
		{8062C41F-39F9-43AC-8DEF-3D1B1E5BED41}.Debug|x64.ActiveCfg = Debug|x64
		{8062C41F-39F9-43AC-8DEF-3D1B1E5BED41}.Debug|x64.Build.0 = Debug|x64
		{8062C41F-39F9-43AC-8DEF-3D1B1E5BED41}.Debug|x86.ActiveCfg = Debug|Win32
		{8062C41F-39F9-43AC-8DEF-3D1B1E5BED41}.Debug|x86.Build.0 = Debug|Win32
		{8062C41F-39F9-43AC-8DEF-3D1B1E5BED41}.Release|x64.ActiveCfg = Release|x64
		{8062C41F-39F9-43AC-8DEF-3D1B1E5BED41}.Release|x64.Build.0 = Release|x64
		{8062C41F-39F9-43AC-8DEF-3D1B1E5BED41}.Release|x86.ActiveCfg = Release|Win32
		{8062C41F-39F9-43AC-8DEF-3D1B1E5BED41}.Release|x86.Build.0 = Release|Win32
		{463F890F-5F0E-4847-9C0D-E479B6B1AD6F}.Debug|x64.ActiveCfg = Debug|x64
		{463F890F-5F0E-4847-9C0D-E479B6B1AD6F}.Debug|x64.Build.0 = Debug|x64
		{463F890F-5F0E-4847-9C0D-E479B6B1AD6F}.Debug|x86.ActiveCfg = Debug|Win32
		{463F890F-5F0E-4847-9C0D-E479B6B1AD6F}.Debug|x86.Build.0 = Debug|Win32
		{463F890F-5F0E-4847-9C0D-E479B6B1AD6F}.Release|x64.ActiveCfg = Release|x64
		{463F890F-5F0E-4847-9C0D-E479B6B1AD6F}.Release|x64.Build.0 = Release|x64
		{463F890F-5F0E-4847-9C0D-E479B6B1AD6F}.Release|x86.ActiveCfg = Release|Win32
		{463F890F-5F0E-4847-9C0D-E479B6B1AD6F}.Release|x86.Build.0 = Release|Win32
		{90609709-EC79-4E84-8831-A778386EBE99}.Debug|x64.ActiveCfg = Debug|x64
		{90609709-EC79-4E84-8831-A778386EBE99}.Debug|x64.Build.0 = Debug|x64
		{90609709-EC79-4E84-8831-A778386EBE99}.Debug|x86.ActiveCfg = Debug|Win32
		{90609709-EC79-4E84-8831-A778386EBE99}.Debug|x86.Build.0 = Debug|Win32
		{90609709-EC79-4E84-8831-A778386EBE99}.Release|x64.ActiveCfg = Release|x64
		{90609709-EC79-4E84-8831-A778386EBE99}.Release|x64.Build.0 = Release|x64
		{90609709-EC79-4E84-8831-A778386EBE99}.Release|x86.ActiveCfg = Release|Win32
		{90609709-EC79-4E84-8831-A778386EBE99}.Release|x86.Build.0 = Release|Win32
		{1133E3C8-DF98-4ED0-94DD-7C86CE4D255F}.Debug|x64.ActiveCfg = Debug|x64
		{1133E3C8-DF98-4ED0-94DD-7C86CE4D255F}.Debug|x64.Build.0 = Debug|x64
		{1133E3C8-DF98-4ED0-94DD-7C86CE4D255F}.Debug|x86.ActiveCfg = Debug|Win32
		{1133E3C8-DF98-4ED0-94DD-7C86CE4D255F}.Debug|x86.Build.0 = Debug|Win32
		{1133E3C8-DF98-4ED0-94DD-7C86CE4D255F}.Release|x64.ActiveCfg = Release|x64
		{1133E3C8-DF98-4ED0-94DD-7C86CE4D255F}.Release|x64.Build.0 = Release|x64
		{1133E3C8-DF98-4ED0-94DD-7C86CE4D255F}.Release|x86.ActiveCfg = Release|Win32
		{1133E3C8-DF98-4ED0-94DD-7C86CE4D255F}.Release|x86.Build.0 = Release|Win32
		{D23CBBE5-8716-423A-A2FB-E05881858CC1}.Debug|x64.ActiveCfg = Debug|x64
		{D23CBBE5-8716-423A-A2FB-E05881858CC1}.Debug|x64.Build.0 = Debug|x64
		{D23CBBE5-8716-423A-A2FB-E05881858CC1}.Debug|x86.ActiveCfg = Debug|Win32
		{D23CBBE5-8716-423A-A2FB-E05881858CC1}.Debug|x86.Build.0 = Debug|Win32
		{D23CBBE5-8716-423A-A2FB-E05881858CC1}.Release|x64.ActiveCfg = Release|x64
		{D23CBBE5-8716-423A-A2FB-E05881858CC1}.Release|x64.Build.0 = Release|x64
		{D23CBBE5-8716-423A-A2FB-E05881858CC1}.Release|x86.ActiveCfg = Release|Win32
		{D23CBBE5-8716-423A-A2FB-E05881858CC1}.Release|x86.Build.0 = Release|Win32
		{EAABDA3E-BE87-4FF9-BC94-6F8EBC2012BA}.Debug|x64.ActiveCfg = Debug|x64
		{EAABDA3E-BE87-4FF9-BC94-6F8EBC2012BA}.Debug|x64.Build.0 = Debug|x64
		{EAABDA3E-BE87-4FF9-BC94-6F8EBC2012BA}.Debug|x86.ActiveCfg = Debug|Win32
		{EAABDA3E-BE87-4FF9-BC94-6F8EBC2012BA}.Debug|x86.Build.0 = Debug|Win32
		{EAABDA3E-BE87-4FF9-BC94-6F8EBC2012BA}.Release|x64.ActiveCfg = Release|x64
		{EAABDA3E-BE87-4FF9-BC94-6F8EBC2012BA}.Release|x64.Build.0 = Release|x64
		{EAABDA3E-BE87-4FF9-BC94-6F8EBC2012BA}.Release|x86.ActiveCfg = Release|Win32
		{EAABDA3E-BE87-4FF9-BC94-6F8EBC2012BA}.Release|x86.Build.0 = Release|Win32
		{970AADCE-21C6-415C-8EF8-553F28D38FED}.Debug|x64.ActiveCfg = Debug|x64
		{970AADCE-21C6-415C-8EF8-553F28D38FED}.Debug|x64.Build.0 = Debug|x64
		{970AADCE-21C6-415C-8EF8-553F28D38FED}.Debug|x86.ActiveCfg = Debug|Win32
		{970AADCE-21C6-415C-8EF8-553F28D38FED}.Debug|x86.Build.0 = Debug|Win32
		{970AADCE-21C6-415C-8EF8-553F28D38FED}.Release|x64.ActiveCfg = Release|x64
		{970AADCE-21C6-415C-8EF8-553F28D38FED}.Release|x64.Build.0 = Release|x64
		{970AADCE-21C6-415C-8EF8-553F28D38FED}.Release|x86.ActiveCfg = Release|Win32
		{970AADCE-21C6-415C-8EF8-553F28D38FED}.Release|x86.Build.0 = Release|Win32
		{3D5B9F98-74CF-4478-97BB-4EAF9DE38BEC}.Debug|x64.ActiveCfg = Debug|x64
		{3D5B9F98-74CF-4478-97BB-4EAF9DE38BEC}.Debug|x64.Build.0 = Debug|x64
		{3D5B9F98-74CF-4478-97BB-4EAF9DE38BEC}.Debug|x86.ActiveCfg = Debug|Win32
		{3D5B9F98-74CF-4478-97BB-4EAF9DE38BEC}.Debug|x86.Build.0 = Debug|Win32
		{3D5B9F98-74CF-4478-97BB-4EAF9DE38BEC}.Release|x64.ActiveCfg = Release|x64
		{3D5B9F98-74CF-4478-97BB-4EAF9DE38BEC}.Release|x64.Build.0 = Release|x64
		{3D5B9F98-74CF-4478-97BB-4EAF9DE38BEC}.Release|x86.ActiveCfg = Release|Win32
		{3D5B9F98-74CF-4478-97BB-4EAF9DE38BEC}.Release|x86.Build.0 = Release|Win32
		{B6A99FAE-DF3F-4E92-8A30-DA934304A557}.Debug|x64.ActiveCfg = Debug|x64
		{B6A99FAE-DF3F-4E92-8A30-DA934304A557}.Debug|x64.Build.0 = Debug|x64
		{B6A99FAE-DF3F-4E92-8A30-DA934304A557}.Debug|x86.ActiveCfg = Debug|Win32
		{B6A99FAE-DF3F-4E92-8A30-DA934304A557}.Debug|x86.Build.0 = Debug|Win32
		{B6A99FAE-DF3F-4E92-8A30-DA934304A557}.Release|x64.ActiveCfg = Release|x64
		{B6A99FAE-DF3F-4E92-8A30-DA934304A557}.Release|x64.Build.0 = Release|x64
		{B6A99FAE-DF3F-4E92-8A30-DA934304A557}.Release|x86.ActiveCfg = Release|Win32
		{B6A99FAE-DF3F-4E92-8A30-DA934304A557}.Release|x86.Build.0 = Release|Win32
		{0344FE29-F985-4407-B561-18845959B609}.Debug|x64.ActiveCfg = Debug|x64
		{0344FE29-F985-4407-B561-18845959B609}.Debug|x64.Build.0 = Debug|x64
		{0344FE29-F985-4407-B561-18845959B609}.Debug|x86.ActiveCfg = Debug|Win32
		{0344FE29-F985-4407-B561-18845959B609}.Debug|x86.Build.0 = Debug|Win32
		{0344FE29-F985-4407-B561-18845959B609}.Release|x64.ActiveCfg = Release|x64
		{0344FE29-F985-4407-B561-18845959B609}.Release|x64.Build.0 = Release|x64
		{0344FE29-F985-4407-B561-18845959B609}.Release|x86.ActiveCfg = Release|Win32
		{0344FE29-F985-4407-B561-18845959B609}.Release|x86.Build.0 = Release|Win32
	EndGlobalSection
	GlobalSection(SolutionProperties) = preSolution
		HideSolutionNode = FALSE
	EndGlobalSection
	GlobalSection(ExtensibilityGlobals) = postSolution
		SolutionGuid = {BDB86D2B-E9DF-4C37-AD3D-C64D012C0961}
	EndGlobalSection
EndGlobal
