
Microsoft Visual Studio Solution File, Format Version 12.00
# Visual Studio Version 16
VisualStudioVersion = 16.0.31025.194
MinimumVisualStudioVersion = 10.0.40219.1
Project("{8BC9CEB8-8B4A-11D0-8D11-00A0C91BC942}") = "조합", "조합\조합.vcxproj", "{1CA3FAEC-6C4A-4077-B855-8168B7478DB3}"
EndProject
Project("{8BC9CEB8-8B4A-11D0-8D11-00A0C91BC942}") = "중복조합", "중복조합\중복조합.vcxproj", "{07C89C53-514A-487B-A480-685E98E26B69}"
EndProject
Project("{8BC9CEB8-8B4A-11D0-8D11-00A0C91BC942}") = "중복순열", "중복순열\중복순열.vcxproj", "{889D5CDB-6343-4270-B29E-B0DDA8C6B315}"
EndProject
Project("{8BC9CEB8-8B4A-11D0-8D11-00A0C91BC942}") = "순열", "순열\순열.vcxproj", "{5AE7DA5F-5A25-4994-9A90-8AC2F6050221}"
EndProject
Project("{8BC9CEB8-8B4A-11D0-8D11-00A0C91BC942}") = "LAB(뽑기-공뽑기)", "LAB(뽑기-공뽑기)\LAB(뽑기-공뽑기).vcxproj", "{9DFFDFAC-0A18-4A7F-8EFF-F4BC9814AE29}"
EndProject
Project("{8BC9CEB8-8B4A-11D0-8D11-00A0C91BC942}") = "LAB(뽑기-인기상)", "LAB(뽑기-인기상)\LAB(뽑기-인기상).vcxproj", "{D886195C-E44F-4E2D-B100-DC31EEB25144}"
EndProject
Project("{8BC9CEB8-8B4A-11D0-8D11-00A0C91BC942}") = "LAB(뽑기-연기상)", "LAB(뽑기-연기상)\LAB(뽑기-연기상).vcxproj", "{42F9E14A-6D80-4952-8F55-A55AC83E2DD6}"
EndProject
Project("{8BC9CEB8-8B4A-11D0-8D11-00A0C91BC942}") = "HW(뽑기-4진수)", "HW(뽑기-4진수)\HW(뽑기-4진수).vcxproj", "{01E72D80-77C9-44A1-99BE-5BBF49876CDC}"
EndProject
Project("{8BC9CEB8-8B4A-11D0-8D11-00A0C91BC942}") = "left_max_sum", "left_max_sum\left_max_sum.vcxproj", "{935D65B4-6C04-4B1F-9461-9816FE8CB55D}"
EndProject
Project("{8BC9CEB8-8B4A-11D0-8D11-00A0C91BC942}") = "right_max_sum", "right_max_sum\right_max_sum.vcxproj", "{171865D4-D391-468A-A067-BE3B240B7AD5}"
EndProject
Project("{8BC9CEB8-8B4A-11D0-8D11-00A0C91BC942}") = "HW(Max_subarray)", "HW(Max_subarray)\HW(Max_subarray).vcxproj", "{E856EC30-D69A-4FF3-9360-62924E563B9F}"
EndProject
Project("{8BC9CEB8-8B4A-11D0-8D11-00A0C91BC942}") = "k보나치", "k보나치\k보나치.vcxproj", "{37BBDD85-2107-4963-A3B3-63BC7EB4F791}"
EndProject
Project("{8BC9CEB8-8B4A-11D0-8D11-00A0C91BC942}") = "4보나치", "4보나치\4보나치.vcxproj", "{F6E14000-011D-4183-A6F2-C0C6379203DD}"
EndProject
Global
	GlobalSection(SolutionConfigurationPlatforms) = preSolution
		Debug|x64 = Debug|x64
		Debug|x86 = Debug|x86
		Release|x64 = Release|x64
		Release|x86 = Release|x86
	EndGlobalSection
	GlobalSection(ProjectConfigurationPlatforms) = postSolution
		{1CA3FAEC-6C4A-4077-B855-8168B7478DB3}.Debug|x64.ActiveCfg = Debug|x64
		{1CA3FAEC-6C4A-4077-B855-8168B7478DB3}.Debug|x64.Build.0 = Debug|x64
		{1CA3FAEC-6C4A-4077-B855-8168B7478DB3}.Debug|x86.ActiveCfg = Debug|Win32
		{1CA3FAEC-6C4A-4077-B855-8168B7478DB3}.Debug|x86.Build.0 = Debug|Win32
		{1CA3FAEC-6C4A-4077-B855-8168B7478DB3}.Release|x64.ActiveCfg = Release|x64
		{1CA3FAEC-6C4A-4077-B855-8168B7478DB3}.Release|x64.Build.0 = Release|x64
		{1CA3FAEC-6C4A-4077-B855-8168B7478DB3}.Release|x86.ActiveCfg = Release|Win32
		{1CA3FAEC-6C4A-4077-B855-8168B7478DB3}.Release|x86.Build.0 = Release|Win32
		{07C89C53-514A-487B-A480-685E98E26B69}.Debug|x64.ActiveCfg = Debug|x64
		{07C89C53-514A-487B-A480-685E98E26B69}.Debug|x64.Build.0 = Debug|x64
		{07C89C53-514A-487B-A480-685E98E26B69}.Debug|x86.ActiveCfg = Debug|Win32
		{07C89C53-514A-487B-A480-685E98E26B69}.Debug|x86.Build.0 = Debug|Win32
		{07C89C53-514A-487B-A480-685E98E26B69}.Release|x64.ActiveCfg = Release|x64
		{07C89C53-514A-487B-A480-685E98E26B69}.Release|x64.Build.0 = Release|x64
		{07C89C53-514A-487B-A480-685E98E26B69}.Release|x86.ActiveCfg = Release|Win32
		{07C89C53-514A-487B-A480-685E98E26B69}.Release|x86.Build.0 = Release|Win32
		{889D5CDB-6343-4270-B29E-B0DDA8C6B315}.Debug|x64.ActiveCfg = Debug|x64
		{889D5CDB-6343-4270-B29E-B0DDA8C6B315}.Debug|x64.Build.0 = Debug|x64
		{889D5CDB-6343-4270-B29E-B0DDA8C6B315}.Debug|x86.ActiveCfg = Debug|Win32
		{889D5CDB-6343-4270-B29E-B0DDA8C6B315}.Debug|x86.Build.0 = Debug|Win32
		{889D5CDB-6343-4270-B29E-B0DDA8C6B315}.Release|x64.ActiveCfg = Release|x64
		{889D5CDB-6343-4270-B29E-B0DDA8C6B315}.Release|x64.Build.0 = Release|x64
		{889D5CDB-6343-4270-B29E-B0DDA8C6B315}.Release|x86.ActiveCfg = Release|Win32
		{889D5CDB-6343-4270-B29E-B0DDA8C6B315}.Release|x86.Build.0 = Release|Win32
		{5AE7DA5F-5A25-4994-9A90-8AC2F6050221}.Debug|x64.ActiveCfg = Debug|x64
		{5AE7DA5F-5A25-4994-9A90-8AC2F6050221}.Debug|x64.Build.0 = Debug|x64
		{5AE7DA5F-5A25-4994-9A90-8AC2F6050221}.Debug|x86.ActiveCfg = Debug|Win32
		{5AE7DA5F-5A25-4994-9A90-8AC2F6050221}.Debug|x86.Build.0 = Debug|Win32
		{5AE7DA5F-5A25-4994-9A90-8AC2F6050221}.Release|x64.ActiveCfg = Release|x64
		{5AE7DA5F-5A25-4994-9A90-8AC2F6050221}.Release|x64.Build.0 = Release|x64
		{5AE7DA5F-5A25-4994-9A90-8AC2F6050221}.Release|x86.ActiveCfg = Release|Win32
		{5AE7DA5F-5A25-4994-9A90-8AC2F6050221}.Release|x86.Build.0 = Release|Win32
		{9DFFDFAC-0A18-4A7F-8EFF-F4BC9814AE29}.Debug|x64.ActiveCfg = Debug|x64
		{9DFFDFAC-0A18-4A7F-8EFF-F4BC9814AE29}.Debug|x64.Build.0 = Debug|x64
		{9DFFDFAC-0A18-4A7F-8EFF-F4BC9814AE29}.Debug|x86.ActiveCfg = Debug|Win32
		{9DFFDFAC-0A18-4A7F-8EFF-F4BC9814AE29}.Debug|x86.Build.0 = Debug|Win32
		{9DFFDFAC-0A18-4A7F-8EFF-F4BC9814AE29}.Release|x64.ActiveCfg = Release|x64
		{9DFFDFAC-0A18-4A7F-8EFF-F4BC9814AE29}.Release|x64.Build.0 = Release|x64
		{9DFFDFAC-0A18-4A7F-8EFF-F4BC9814AE29}.Release|x86.ActiveCfg = Release|Win32
		{9DFFDFAC-0A18-4A7F-8EFF-F4BC9814AE29}.Release|x86.Build.0 = Release|Win32
		{D886195C-E44F-4E2D-B100-DC31EEB25144}.Debug|x64.ActiveCfg = Debug|x64
		{D886195C-E44F-4E2D-B100-DC31EEB25144}.Debug|x64.Build.0 = Debug|x64
		{D886195C-E44F-4E2D-B100-DC31EEB25144}.Debug|x86.ActiveCfg = Debug|Win32
		{D886195C-E44F-4E2D-B100-DC31EEB25144}.Debug|x86.Build.0 = Debug|Win32
		{D886195C-E44F-4E2D-B100-DC31EEB25144}.Release|x64.ActiveCfg = Release|x64
		{D886195C-E44F-4E2D-B100-DC31EEB25144}.Release|x64.Build.0 = Release|x64
		{D886195C-E44F-4E2D-B100-DC31EEB25144}.Release|x86.ActiveCfg = Release|Win32
		{D886195C-E44F-4E2D-B100-DC31EEB25144}.Release|x86.Build.0 = Release|Win32
		{42F9E14A-6D80-4952-8F55-A55AC83E2DD6}.Debug|x64.ActiveCfg = Debug|x64
		{42F9E14A-6D80-4952-8F55-A55AC83E2DD6}.Debug|x64.Build.0 = Debug|x64
		{42F9E14A-6D80-4952-8F55-A55AC83E2DD6}.Debug|x86.ActiveCfg = Debug|Win32
		{42F9E14A-6D80-4952-8F55-A55AC83E2DD6}.Debug|x86.Build.0 = Debug|Win32
		{42F9E14A-6D80-4952-8F55-A55AC83E2DD6}.Release|x64.ActiveCfg = Release|x64
		{42F9E14A-6D80-4952-8F55-A55AC83E2DD6}.Release|x64.Build.0 = Release|x64
		{42F9E14A-6D80-4952-8F55-A55AC83E2DD6}.Release|x86.ActiveCfg = Release|Win32
		{42F9E14A-6D80-4952-8F55-A55AC83E2DD6}.Release|x86.Build.0 = Release|Win32
		{01E72D80-77C9-44A1-99BE-5BBF49876CDC}.Debug|x64.ActiveCfg = Debug|x64
		{01E72D80-77C9-44A1-99BE-5BBF49876CDC}.Debug|x64.Build.0 = Debug|x64
		{01E72D80-77C9-44A1-99BE-5BBF49876CDC}.Debug|x86.ActiveCfg = Debug|Win32
		{01E72D80-77C9-44A1-99BE-5BBF49876CDC}.Debug|x86.Build.0 = Debug|Win32
		{01E72D80-77C9-44A1-99BE-5BBF49876CDC}.Release|x64.ActiveCfg = Release|x64
		{01E72D80-77C9-44A1-99BE-5BBF49876CDC}.Release|x64.Build.0 = Release|x64
		{01E72D80-77C9-44A1-99BE-5BBF49876CDC}.Release|x86.ActiveCfg = Release|Win32
		{01E72D80-77C9-44A1-99BE-5BBF49876CDC}.Release|x86.Build.0 = Release|Win32
		{935D65B4-6C04-4B1F-9461-9816FE8CB55D}.Debug|x64.ActiveCfg = Debug|x64
		{935D65B4-6C04-4B1F-9461-9816FE8CB55D}.Debug|x64.Build.0 = Debug|x64
		{935D65B4-6C04-4B1F-9461-9816FE8CB55D}.Debug|x86.ActiveCfg = Debug|Win32
		{935D65B4-6C04-4B1F-9461-9816FE8CB55D}.Debug|x86.Build.0 = Debug|Win32
		{935D65B4-6C04-4B1F-9461-9816FE8CB55D}.Release|x64.ActiveCfg = Release|x64
		{935D65B4-6C04-4B1F-9461-9816FE8CB55D}.Release|x64.Build.0 = Release|x64
		{935D65B4-6C04-4B1F-9461-9816FE8CB55D}.Release|x86.ActiveCfg = Release|Win32
		{935D65B4-6C04-4B1F-9461-9816FE8CB55D}.Release|x86.Build.0 = Release|Win32
		{171865D4-D391-468A-A067-BE3B240B7AD5}.Debug|x64.ActiveCfg = Debug|x64
		{171865D4-D391-468A-A067-BE3B240B7AD5}.Debug|x64.Build.0 = Debug|x64
		{171865D4-D391-468A-A067-BE3B240B7AD5}.Debug|x86.ActiveCfg = Debug|Win32
		{171865D4-D391-468A-A067-BE3B240B7AD5}.Debug|x86.Build.0 = Debug|Win32
		{171865D4-D391-468A-A067-BE3B240B7AD5}.Release|x64.ActiveCfg = Release|x64
		{171865D4-D391-468A-A067-BE3B240B7AD5}.Release|x64.Build.0 = Release|x64
		{171865D4-D391-468A-A067-BE3B240B7AD5}.Release|x86.ActiveCfg = Release|Win32
		{171865D4-D391-468A-A067-BE3B240B7AD5}.Release|x86.Build.0 = Release|Win32
		{E856EC30-D69A-4FF3-9360-62924E563B9F}.Debug|x64.ActiveCfg = Debug|x64
		{E856EC30-D69A-4FF3-9360-62924E563B9F}.Debug|x64.Build.0 = Debug|x64
		{E856EC30-D69A-4FF3-9360-62924E563B9F}.Debug|x86.ActiveCfg = Debug|Win32
		{E856EC30-D69A-4FF3-9360-62924E563B9F}.Debug|x86.Build.0 = Debug|Win32
		{E856EC30-D69A-4FF3-9360-62924E563B9F}.Release|x64.ActiveCfg = Release|x64
		{E856EC30-D69A-4FF3-9360-62924E563B9F}.Release|x64.Build.0 = Release|x64
		{E856EC30-D69A-4FF3-9360-62924E563B9F}.Release|x86.ActiveCfg = Release|Win32
		{E856EC30-D69A-4FF3-9360-62924E563B9F}.Release|x86.Build.0 = Release|Win32
		{37BBDD85-2107-4963-A3B3-63BC7EB4F791}.Debug|x64.ActiveCfg = Debug|x64
		{37BBDD85-2107-4963-A3B3-63BC7EB4F791}.Debug|x64.Build.0 = Debug|x64
		{37BBDD85-2107-4963-A3B3-63BC7EB4F791}.Debug|x86.ActiveCfg = Debug|Win32
		{37BBDD85-2107-4963-A3B3-63BC7EB4F791}.Debug|x86.Build.0 = Debug|Win32
		{37BBDD85-2107-4963-A3B3-63BC7EB4F791}.Release|x64.ActiveCfg = Release|x64
		{37BBDD85-2107-4963-A3B3-63BC7EB4F791}.Release|x64.Build.0 = Release|x64
		{37BBDD85-2107-4963-A3B3-63BC7EB4F791}.Release|x86.ActiveCfg = Release|Win32
		{37BBDD85-2107-4963-A3B3-63BC7EB4F791}.Release|x86.Build.0 = Release|Win32
		{F6E14000-011D-4183-A6F2-C0C6379203DD}.Debug|x64.ActiveCfg = Debug|x64
		{F6E14000-011D-4183-A6F2-C0C6379203DD}.Debug|x64.Build.0 = Debug|x64
		{F6E14000-011D-4183-A6F2-C0C6379203DD}.Debug|x86.ActiveCfg = Debug|Win32
		{F6E14000-011D-4183-A6F2-C0C6379203DD}.Debug|x86.Build.0 = Debug|Win32
		{F6E14000-011D-4183-A6F2-C0C6379203DD}.Release|x64.ActiveCfg = Release|x64
		{F6E14000-011D-4183-A6F2-C0C6379203DD}.Release|x64.Build.0 = Release|x64
		{F6E14000-011D-4183-A6F2-C0C6379203DD}.Release|x86.ActiveCfg = Release|Win32
		{F6E14000-011D-4183-A6F2-C0C6379203DD}.Release|x86.Build.0 = Release|Win32
	EndGlobalSection
	GlobalSection(SolutionProperties) = preSolution
		HideSolutionNode = FALSE
	EndGlobalSection
	GlobalSection(ExtensibilityGlobals) = postSolution
		SolutionGuid = {F8823369-212E-4205-B479-9659DED2C349}
	EndGlobalSection
EndGlobal
