
Microsoft Visual Studio Solution File, Format Version 12.00
# Visual Studio Version 16
VisualStudioVersion = 16.0.29911.84
MinimumVisualStudioVersion = 10.0.40219.1
Project("{8BC9CEB8-8B4A-11D0-8D11-00A0C91BC942}") = "LAB13_1", "LAB13_1\LAB13_1.vcxproj", "{CDA0B424-F200-4A25-8547-6BB78641F5C1}"
EndProject
Project("{8BC9CEB8-8B4A-11D0-8D11-00A0C91BC942}") = "LAB13_2", "LAB13_2\LAB13_2.vcxproj", "{6F739A20-03DD-4CF8-A8DF-DAD23FB442DF}"
EndProject
Project("{8BC9CEB8-8B4A-11D0-8D11-00A0C91BC942}") = "LAB13_5", "LAB13_5\LAB13_5.vcxproj", "{B12E15C2-4099-410B-9919-6232A198DBB8}"
EndProject
Project("{8BC9CEB8-8B4A-11D0-8D11-00A0C91BC942}") = "LAB13_3", "LAB13_3\LAB13_3.vcxproj", "{C14DDDE2-21C4-47D6-AF88-CEFB4967AF89}"
EndProject
Project("{8BC9CEB8-8B4A-11D0-8D11-00A0C91BC942}") = "LAB13B_a", "LAB13B_a\LAB13B_a.vcxproj", "{6E176850-B590-4D40-BE50-9D24C3C15B70}"
EndProject
Project("{8BC9CEB8-8B4A-11D0-8D11-00A0C91BC942}") = "LAB13B_1", "LAB13B_1\LAB13B_1.vcxproj", "{ABF27CC4-2CF0-410D-A416-699D7BA9F49D}"
EndProject
Project("{8BC9CEB8-8B4A-11D0-8D11-00A0C91BC942}") = "LAB13B_1_2", "LAB13B_1_2\LAB13B_1_2.vcxproj", "{5299B3E3-BA51-4B2F-97B8-13108A56AE1A}"
EndProject
Project("{8BC9CEB8-8B4A-11D0-8D11-00A0C91BC942}") = "LAB13B_2_2", "LAB13B_2_2\LAB13B_2_2.vcxproj", "{C6AC0709-9412-49C8-9BEB-972F36E0851C}"
EndProject
Project("{8BC9CEB8-8B4A-11D0-8D11-00A0C91BC942}") = "HW13B_1", "HW13B_1\HW13B_1.vcxproj", "{8CF848C5-2C89-4CF9-80A4-CAD1233A6A87}"
EndProject
Project("{8BC9CEB8-8B4A-11D0-8D11-00A0C91BC942}") = "HW13B_2", "HW13B_2\HW13B_2.vcxproj", "{FFAA6F6F-78BE-4A14-8FC2-C3D7A7DF70A4}"
EndProject
Project("{8BC9CEB8-8B4A-11D0-8D11-00A0C91BC942}") = "HW13B_3", "HW13B_3\HW13B_3.vcxproj", "{2608E26E-C8A0-436E-BE06-5DF61EC761AE}"
EndProject
Project("{8BC9CEB8-8B4A-11D0-8D11-00A0C91BC942}") = "challenge13a", "challenge13a\challenge13a.vcxproj", "{A2056297-308F-47E1-BC0B-362C7E167612}"
EndProject
Project("{8BC9CEB8-8B4A-11D0-8D11-00A0C91BC942}") = "challenge13b", "challenge13b\challenge13b.vcxproj", "{E5FD7C93-E5F2-4913-B65B-9D8F86BB99A7}"
EndProject
Project("{8BC9CEB8-8B4A-11D0-8D11-00A0C91BC942}") = "challenge13c", "challenge13c\challenge13c.vcxproj", "{811A2951-247C-4BF4-909E-97CEB2B46976}"
EndProject
Project("{8BC9CEB8-8B4A-11D0-8D11-00A0C91BC942}") = "challenge13d", "challenge13d\challenge13d.vcxproj", "{CFE752C4-E10B-4F8B-A91C-7D4996FAA1AE}"
EndProject
Global
	GlobalSection(SolutionConfigurationPlatforms) = preSolution
		Debug|x64 = Debug|x64
		Debug|x86 = Debug|x86
		Release|x64 = Release|x64
		Release|x86 = Release|x86
	EndGlobalSection
	GlobalSection(ProjectConfigurationPlatforms) = postSolution
		{CDA0B424-F200-4A25-8547-6BB78641F5C1}.Debug|x64.ActiveCfg = Debug|x64
		{CDA0B424-F200-4A25-8547-6BB78641F5C1}.Debug|x64.Build.0 = Debug|x64
		{CDA0B424-F200-4A25-8547-6BB78641F5C1}.Debug|x86.ActiveCfg = Debug|Win32
		{CDA0B424-F200-4A25-8547-6BB78641F5C1}.Debug|x86.Build.0 = Debug|Win32
		{CDA0B424-F200-4A25-8547-6BB78641F5C1}.Release|x64.ActiveCfg = Release|x64
		{CDA0B424-F200-4A25-8547-6BB78641F5C1}.Release|x64.Build.0 = Release|x64
		{CDA0B424-F200-4A25-8547-6BB78641F5C1}.Release|x86.ActiveCfg = Release|Win32
		{CDA0B424-F200-4A25-8547-6BB78641F5C1}.Release|x86.Build.0 = Release|Win32
		{6F739A20-03DD-4CF8-A8DF-DAD23FB442DF}.Debug|x64.ActiveCfg = Debug|x64
		{6F739A20-03DD-4CF8-A8DF-DAD23FB442DF}.Debug|x64.Build.0 = Debug|x64
		{6F739A20-03DD-4CF8-A8DF-DAD23FB442DF}.Debug|x86.ActiveCfg = Debug|Win32
		{6F739A20-03DD-4CF8-A8DF-DAD23FB442DF}.Debug|x86.Build.0 = Debug|Win32
		{6F739A20-03DD-4CF8-A8DF-DAD23FB442DF}.Release|x64.ActiveCfg = Release|x64
		{6F739A20-03DD-4CF8-A8DF-DAD23FB442DF}.Release|x64.Build.0 = Release|x64
		{6F739A20-03DD-4CF8-A8DF-DAD23FB442DF}.Release|x86.ActiveCfg = Release|Win32
		{6F739A20-03DD-4CF8-A8DF-DAD23FB442DF}.Release|x86.Build.0 = Release|Win32
		{B12E15C2-4099-410B-9919-6232A198DBB8}.Debug|x64.ActiveCfg = Debug|x64
		{B12E15C2-4099-410B-9919-6232A198DBB8}.Debug|x64.Build.0 = Debug|x64
		{B12E15C2-4099-410B-9919-6232A198DBB8}.Debug|x86.ActiveCfg = Debug|Win32
		{B12E15C2-4099-410B-9919-6232A198DBB8}.Debug|x86.Build.0 = Debug|Win32
		{B12E15C2-4099-410B-9919-6232A198DBB8}.Release|x64.ActiveCfg = Release|x64
		{B12E15C2-4099-410B-9919-6232A198DBB8}.Release|x64.Build.0 = Release|x64
		{B12E15C2-4099-410B-9919-6232A198DBB8}.Release|x86.ActiveCfg = Release|Win32
		{B12E15C2-4099-410B-9919-6232A198DBB8}.Release|x86.Build.0 = Release|Win32
		{C14DDDE2-21C4-47D6-AF88-CEFB4967AF89}.Debug|x64.ActiveCfg = Debug|x64
		{C14DDDE2-21C4-47D6-AF88-CEFB4967AF89}.Debug|x64.Build.0 = Debug|x64
		{C14DDDE2-21C4-47D6-AF88-CEFB4967AF89}.Debug|x86.ActiveCfg = Debug|Win32
		{C14DDDE2-21C4-47D6-AF88-CEFB4967AF89}.Debug|x86.Build.0 = Debug|Win32
		{C14DDDE2-21C4-47D6-AF88-CEFB4967AF89}.Release|x64.ActiveCfg = Release|x64
		{C14DDDE2-21C4-47D6-AF88-CEFB4967AF89}.Release|x64.Build.0 = Release|x64
		{C14DDDE2-21C4-47D6-AF88-CEFB4967AF89}.Release|x86.ActiveCfg = Release|Win32
		{C14DDDE2-21C4-47D6-AF88-CEFB4967AF89}.Release|x86.Build.0 = Release|Win32
		{6E176850-B590-4D40-BE50-9D24C3C15B70}.Debug|x64.ActiveCfg = Debug|x64
		{6E176850-B590-4D40-BE50-9D24C3C15B70}.Debug|x64.Build.0 = Debug|x64
		{6E176850-B590-4D40-BE50-9D24C3C15B70}.Debug|x86.ActiveCfg = Debug|Win32
		{6E176850-B590-4D40-BE50-9D24C3C15B70}.Debug|x86.Build.0 = Debug|Win32
		{6E176850-B590-4D40-BE50-9D24C3C15B70}.Release|x64.ActiveCfg = Release|x64
		{6E176850-B590-4D40-BE50-9D24C3C15B70}.Release|x64.Build.0 = Release|x64
		{6E176850-B590-4D40-BE50-9D24C3C15B70}.Release|x86.ActiveCfg = Release|Win32
		{6E176850-B590-4D40-BE50-9D24C3C15B70}.Release|x86.Build.0 = Release|Win32
		{ABF27CC4-2CF0-410D-A416-699D7BA9F49D}.Debug|x64.ActiveCfg = Debug|x64
		{ABF27CC4-2CF0-410D-A416-699D7BA9F49D}.Debug|x64.Build.0 = Debug|x64
		{ABF27CC4-2CF0-410D-A416-699D7BA9F49D}.Debug|x86.ActiveCfg = Debug|Win32
		{ABF27CC4-2CF0-410D-A416-699D7BA9F49D}.Debug|x86.Build.0 = Debug|Win32
		{ABF27CC4-2CF0-410D-A416-699D7BA9F49D}.Release|x64.ActiveCfg = Release|x64
		{ABF27CC4-2CF0-410D-A416-699D7BA9F49D}.Release|x64.Build.0 = Release|x64
		{ABF27CC4-2CF0-410D-A416-699D7BA9F49D}.Release|x86.ActiveCfg = Release|Win32
		{ABF27CC4-2CF0-410D-A416-699D7BA9F49D}.Release|x86.Build.0 = Release|Win32
		{5299B3E3-BA51-4B2F-97B8-13108A56AE1A}.Debug|x64.ActiveCfg = Debug|x64
		{5299B3E3-BA51-4B2F-97B8-13108A56AE1A}.Debug|x64.Build.0 = Debug|x64
		{5299B3E3-BA51-4B2F-97B8-13108A56AE1A}.Debug|x86.ActiveCfg = Debug|Win32
		{5299B3E3-BA51-4B2F-97B8-13108A56AE1A}.Debug|x86.Build.0 = Debug|Win32
		{5299B3E3-BA51-4B2F-97B8-13108A56AE1A}.Release|x64.ActiveCfg = Release|x64
		{5299B3E3-BA51-4B2F-97B8-13108A56AE1A}.Release|x64.Build.0 = Release|x64
		{5299B3E3-BA51-4B2F-97B8-13108A56AE1A}.Release|x86.ActiveCfg = Release|Win32
		{5299B3E3-BA51-4B2F-97B8-13108A56AE1A}.Release|x86.Build.0 = Release|Win32
		{C6AC0709-9412-49C8-9BEB-972F36E0851C}.Debug|x64.ActiveCfg = Debug|x64
		{C6AC0709-9412-49C8-9BEB-972F36E0851C}.Debug|x64.Build.0 = Debug|x64
		{C6AC0709-9412-49C8-9BEB-972F36E0851C}.Debug|x86.ActiveCfg = Debug|Win32
		{C6AC0709-9412-49C8-9BEB-972F36E0851C}.Debug|x86.Build.0 = Debug|Win32
		{C6AC0709-9412-49C8-9BEB-972F36E0851C}.Release|x64.ActiveCfg = Release|x64
		{C6AC0709-9412-49C8-9BEB-972F36E0851C}.Release|x64.Build.0 = Release|x64
		{C6AC0709-9412-49C8-9BEB-972F36E0851C}.Release|x86.ActiveCfg = Release|Win32
		{C6AC0709-9412-49C8-9BEB-972F36E0851C}.Release|x86.Build.0 = Release|Win32
		{8CF848C5-2C89-4CF9-80A4-CAD1233A6A87}.Debug|x64.ActiveCfg = Debug|x64
		{8CF848C5-2C89-4CF9-80A4-CAD1233A6A87}.Debug|x64.Build.0 = Debug|x64
		{8CF848C5-2C89-4CF9-80A4-CAD1233A6A87}.Debug|x86.ActiveCfg = Debug|Win32
		{8CF848C5-2C89-4CF9-80A4-CAD1233A6A87}.Debug|x86.Build.0 = Debug|Win32
		{8CF848C5-2C89-4CF9-80A4-CAD1233A6A87}.Release|x64.ActiveCfg = Release|x64
		{8CF848C5-2C89-4CF9-80A4-CAD1233A6A87}.Release|x64.Build.0 = Release|x64
		{8CF848C5-2C89-4CF9-80A4-CAD1233A6A87}.Release|x86.ActiveCfg = Release|Win32
		{8CF848C5-2C89-4CF9-80A4-CAD1233A6A87}.Release|x86.Build.0 = Release|Win32
		{FFAA6F6F-78BE-4A14-8FC2-C3D7A7DF70A4}.Debug|x64.ActiveCfg = Debug|x64
		{FFAA6F6F-78BE-4A14-8FC2-C3D7A7DF70A4}.Debug|x64.Build.0 = Debug|x64
		{FFAA6F6F-78BE-4A14-8FC2-C3D7A7DF70A4}.Debug|x86.ActiveCfg = Debug|Win32
		{FFAA6F6F-78BE-4A14-8FC2-C3D7A7DF70A4}.Debug|x86.Build.0 = Debug|Win32
		{FFAA6F6F-78BE-4A14-8FC2-C3D7A7DF70A4}.Release|x64.ActiveCfg = Release|x64
		{FFAA6F6F-78BE-4A14-8FC2-C3D7A7DF70A4}.Release|x64.Build.0 = Release|x64
		{FFAA6F6F-78BE-4A14-8FC2-C3D7A7DF70A4}.Release|x86.ActiveCfg = Release|Win32
		{FFAA6F6F-78BE-4A14-8FC2-C3D7A7DF70A4}.Release|x86.Build.0 = Release|Win32
		{2608E26E-C8A0-436E-BE06-5DF61EC761AE}.Debug|x64.ActiveCfg = Debug|x64
		{2608E26E-C8A0-436E-BE06-5DF61EC761AE}.Debug|x64.Build.0 = Debug|x64
		{2608E26E-C8A0-436E-BE06-5DF61EC761AE}.Debug|x86.ActiveCfg = Debug|Win32
		{2608E26E-C8A0-436E-BE06-5DF61EC761AE}.Debug|x86.Build.0 = Debug|Win32
		{2608E26E-C8A0-436E-BE06-5DF61EC761AE}.Release|x64.ActiveCfg = Release|x64
		{2608E26E-C8A0-436E-BE06-5DF61EC761AE}.Release|x64.Build.0 = Release|x64
		{2608E26E-C8A0-436E-BE06-5DF61EC761AE}.Release|x86.ActiveCfg = Release|Win32
		{2608E26E-C8A0-436E-BE06-5DF61EC761AE}.Release|x86.Build.0 = Release|Win32
		{A2056297-308F-47E1-BC0B-362C7E167612}.Debug|x64.ActiveCfg = Debug|x64
		{A2056297-308F-47E1-BC0B-362C7E167612}.Debug|x64.Build.0 = Debug|x64
		{A2056297-308F-47E1-BC0B-362C7E167612}.Debug|x86.ActiveCfg = Debug|Win32
		{A2056297-308F-47E1-BC0B-362C7E167612}.Debug|x86.Build.0 = Debug|Win32
		{A2056297-308F-47E1-BC0B-362C7E167612}.Release|x64.ActiveCfg = Release|x64
		{A2056297-308F-47E1-BC0B-362C7E167612}.Release|x64.Build.0 = Release|x64
		{A2056297-308F-47E1-BC0B-362C7E167612}.Release|x86.ActiveCfg = Release|Win32
		{A2056297-308F-47E1-BC0B-362C7E167612}.Release|x86.Build.0 = Release|Win32
		{E5FD7C93-E5F2-4913-B65B-9D8F86BB99A7}.Debug|x64.ActiveCfg = Debug|x64
		{E5FD7C93-E5F2-4913-B65B-9D8F86BB99A7}.Debug|x64.Build.0 = Debug|x64
		{E5FD7C93-E5F2-4913-B65B-9D8F86BB99A7}.Debug|x86.ActiveCfg = Debug|Win32
		{E5FD7C93-E5F2-4913-B65B-9D8F86BB99A7}.Debug|x86.Build.0 = Debug|Win32
		{E5FD7C93-E5F2-4913-B65B-9D8F86BB99A7}.Release|x64.ActiveCfg = Release|x64
		{E5FD7C93-E5F2-4913-B65B-9D8F86BB99A7}.Release|x64.Build.0 = Release|x64
		{E5FD7C93-E5F2-4913-B65B-9D8F86BB99A7}.Release|x86.ActiveCfg = Release|Win32
		{E5FD7C93-E5F2-4913-B65B-9D8F86BB99A7}.Release|x86.Build.0 = Release|Win32
		{811A2951-247C-4BF4-909E-97CEB2B46976}.Debug|x64.ActiveCfg = Debug|x64
		{811A2951-247C-4BF4-909E-97CEB2B46976}.Debug|x64.Build.0 = Debug|x64
		{811A2951-247C-4BF4-909E-97CEB2B46976}.Debug|x86.ActiveCfg = Debug|Win32
		{811A2951-247C-4BF4-909E-97CEB2B46976}.Debug|x86.Build.0 = Debug|Win32
		{811A2951-247C-4BF4-909E-97CEB2B46976}.Release|x64.ActiveCfg = Release|x64
		{811A2951-247C-4BF4-909E-97CEB2B46976}.Release|x64.Build.0 = Release|x64
		{811A2951-247C-4BF4-909E-97CEB2B46976}.Release|x86.ActiveCfg = Release|Win32
		{811A2951-247C-4BF4-909E-97CEB2B46976}.Release|x86.Build.0 = Release|Win32
		{CFE752C4-E10B-4F8B-A91C-7D4996FAA1AE}.Debug|x64.ActiveCfg = Debug|x64
		{CFE752C4-E10B-4F8B-A91C-7D4996FAA1AE}.Debug|x64.Build.0 = Debug|x64
		{CFE752C4-E10B-4F8B-A91C-7D4996FAA1AE}.Debug|x86.ActiveCfg = Debug|Win32
		{CFE752C4-E10B-4F8B-A91C-7D4996FAA1AE}.Debug|x86.Build.0 = Debug|Win32
		{CFE752C4-E10B-4F8B-A91C-7D4996FAA1AE}.Release|x64.ActiveCfg = Release|x64
		{CFE752C4-E10B-4F8B-A91C-7D4996FAA1AE}.Release|x64.Build.0 = Release|x64
		{CFE752C4-E10B-4F8B-A91C-7D4996FAA1AE}.Release|x86.ActiveCfg = Release|Win32
		{CFE752C4-E10B-4F8B-A91C-7D4996FAA1AE}.Release|x86.Build.0 = Release|Win32
	EndGlobalSection
	GlobalSection(SolutionProperties) = preSolution
		HideSolutionNode = FALSE
	EndGlobalSection
	GlobalSection(ExtensibilityGlobals) = postSolution
		SolutionGuid = {98FF4062-2F8D-4AE9-AB87-63F1D32E5157}
	EndGlobalSection
EndGlobal
