
Microsoft Visual Studio Solution File, Format Version 12.00
# Visual Studio Version 16
VisualStudioVersion = 16.0.30204.135
MinimumVisualStudioVersion = 10.0.40219.1
Project("{8BC9CEB8-8B4A-11D0-8D11-00A0C91BC942}") = "LAB12_1_1", "LAB12_1_1\LAB12_1_1.vcxproj", "{83C00D18-EEC4-4900-9CFB-2CCC3D00031D}"
EndProject
Project("{8BC9CEB8-8B4A-11D0-8D11-00A0C91BC942}") = "LAB12_1_2", "LAB12_1_2\LAB12_1_2.vcxproj", "{625C3E71-9CD6-4433-897A-866AB46A7DE5}"
EndProject
Project("{8BC9CEB8-8B4A-11D0-8D11-00A0C91BC942}") = "LAB12_1_3", "LAB12_1_3\LAB12_1_3.vcxproj", "{CE0DD2E5-C8F3-44B6-8B1E-45DB0B243256}"
EndProject
Project("{8BC9CEB8-8B4A-11D0-8D11-00A0C91BC942}") = "LAB12_1_4", "LAB12_1_4\LAB12_1_4.vcxproj", "{1FEFCB92-2CAB-49C6-99F5-E40EC23E0B87}"
EndProject
Project("{8BC9CEB8-8B4A-11D0-8D11-00A0C91BC942}") = "LAB12_2_1", "LAB12_2_1\LAB12_2_1.vcxproj", "{BF4937C4-04CE-47CC-833B-DF4B230152C0}"
EndProject
Project("{8BC9CEB8-8B4A-11D0-8D11-00A0C91BC942}") = "LAB12_2_2", "LAB12_2_2\LAB12_2_2.vcxproj", "{4DD300AB-F378-4454-B20E-B2E1845D9DC1}"
EndProject
Project("{8BC9CEB8-8B4A-11D0-8D11-00A0C91BC942}") = "LAB12_2_2 수정", "LAB12_2_2 수정\LAB12_2_2 수정.vcxproj", "{3207C59F-040B-45FF-9EC9-045AC39D9B1A}"
EndProject
Project("{8BC9CEB8-8B4A-11D0-8D11-00A0C91BC942}") = "HW12_1", "HW12_1\HW12_1.vcxproj", "{308F834B-2909-43B3-89AF-D21924C59FCB}"
EndProject
Project("{8BC9CEB8-8B4A-11D0-8D11-00A0C91BC942}") = "HW12_2", "HW12_2\HW12_2.vcxproj", "{E2177138-2117-4379-9CDD-28B27026F514}"
EndProject
Project("{8BC9CEB8-8B4A-11D0-8D11-00A0C91BC942}") = "Project3_3(최종)", "Project3_3(최종)\Project3_3(최종).vcxproj", "{7F8A8CA9-8AC6-4462-BCDB-5F16AEFB3176}"
EndProject
Global
	GlobalSection(SolutionConfigurationPlatforms) = preSolution
		Debug|x64 = Debug|x64
		Debug|x86 = Debug|x86
		Release|x64 = Release|x64
		Release|x86 = Release|x86
	EndGlobalSection
	GlobalSection(ProjectConfigurationPlatforms) = postSolution
		{83C00D18-EEC4-4900-9CFB-2CCC3D00031D}.Debug|x64.ActiveCfg = Debug|x64
		{83C00D18-EEC4-4900-9CFB-2CCC3D00031D}.Debug|x64.Build.0 = Debug|x64
		{83C00D18-EEC4-4900-9CFB-2CCC3D00031D}.Debug|x86.ActiveCfg = Debug|Win32
		{83C00D18-EEC4-4900-9CFB-2CCC3D00031D}.Debug|x86.Build.0 = Debug|Win32
		{83C00D18-EEC4-4900-9CFB-2CCC3D00031D}.Release|x64.ActiveCfg = Release|x64
		{83C00D18-EEC4-4900-9CFB-2CCC3D00031D}.Release|x64.Build.0 = Release|x64
		{83C00D18-EEC4-4900-9CFB-2CCC3D00031D}.Release|x86.ActiveCfg = Release|Win32
		{83C00D18-EEC4-4900-9CFB-2CCC3D00031D}.Release|x86.Build.0 = Release|Win32
		{625C3E71-9CD6-4433-897A-866AB46A7DE5}.Debug|x64.ActiveCfg = Debug|x64
		{625C3E71-9CD6-4433-897A-866AB46A7DE5}.Debug|x64.Build.0 = Debug|x64
		{625C3E71-9CD6-4433-897A-866AB46A7DE5}.Debug|x86.ActiveCfg = Debug|Win32
		{625C3E71-9CD6-4433-897A-866AB46A7DE5}.Debug|x86.Build.0 = Debug|Win32
		{625C3E71-9CD6-4433-897A-866AB46A7DE5}.Release|x64.ActiveCfg = Release|x64
		{625C3E71-9CD6-4433-897A-866AB46A7DE5}.Release|x64.Build.0 = Release|x64
		{625C3E71-9CD6-4433-897A-866AB46A7DE5}.Release|x86.ActiveCfg = Release|Win32
		{625C3E71-9CD6-4433-897A-866AB46A7DE5}.Release|x86.Build.0 = Release|Win32
		{CE0DD2E5-C8F3-44B6-8B1E-45DB0B243256}.Debug|x64.ActiveCfg = Debug|x64
		{CE0DD2E5-C8F3-44B6-8B1E-45DB0B243256}.Debug|x64.Build.0 = Debug|x64
		{CE0DD2E5-C8F3-44B6-8B1E-45DB0B243256}.Debug|x86.ActiveCfg = Debug|Win32
		{CE0DD2E5-C8F3-44B6-8B1E-45DB0B243256}.Debug|x86.Build.0 = Debug|Win32
		{CE0DD2E5-C8F3-44B6-8B1E-45DB0B243256}.Release|x64.ActiveCfg = Release|x64
		{CE0DD2E5-C8F3-44B6-8B1E-45DB0B243256}.Release|x64.Build.0 = Release|x64
		{CE0DD2E5-C8F3-44B6-8B1E-45DB0B243256}.Release|x86.ActiveCfg = Release|Win32
		{CE0DD2E5-C8F3-44B6-8B1E-45DB0B243256}.Release|x86.Build.0 = Release|Win32
		{1FEFCB92-2CAB-49C6-99F5-E40EC23E0B87}.Debug|x64.ActiveCfg = Debug|x64
		{1FEFCB92-2CAB-49C6-99F5-E40EC23E0B87}.Debug|x64.Build.0 = Debug|x64
		{1FEFCB92-2CAB-49C6-99F5-E40EC23E0B87}.Debug|x86.ActiveCfg = Debug|Win32
		{1FEFCB92-2CAB-49C6-99F5-E40EC23E0B87}.Debug|x86.Build.0 = Debug|Win32
		{1FEFCB92-2CAB-49C6-99F5-E40EC23E0B87}.Release|x64.ActiveCfg = Release|x64
		{1FEFCB92-2CAB-49C6-99F5-E40EC23E0B87}.Release|x64.Build.0 = Release|x64
		{1FEFCB92-2CAB-49C6-99F5-E40EC23E0B87}.Release|x86.ActiveCfg = Release|Win32
		{1FEFCB92-2CAB-49C6-99F5-E40EC23E0B87}.Release|x86.Build.0 = Release|Win32
		{BF4937C4-04CE-47CC-833B-DF4B230152C0}.Debug|x64.ActiveCfg = Debug|x64
		{BF4937C4-04CE-47CC-833B-DF4B230152C0}.Debug|x64.Build.0 = Debug|x64
		{BF4937C4-04CE-47CC-833B-DF4B230152C0}.Debug|x86.ActiveCfg = Debug|Win32
		{BF4937C4-04CE-47CC-833B-DF4B230152C0}.Debug|x86.Build.0 = Debug|Win32
		{BF4937C4-04CE-47CC-833B-DF4B230152C0}.Release|x64.ActiveCfg = Release|x64
		{BF4937C4-04CE-47CC-833B-DF4B230152C0}.Release|x64.Build.0 = Release|x64
		{BF4937C4-04CE-47CC-833B-DF4B230152C0}.Release|x86.ActiveCfg = Release|Win32
		{BF4937C4-04CE-47CC-833B-DF4B230152C0}.Release|x86.Build.0 = Release|Win32
		{4DD300AB-F378-4454-B20E-B2E1845D9DC1}.Debug|x64.ActiveCfg = Debug|x64
		{4DD300AB-F378-4454-B20E-B2E1845D9DC1}.Debug|x64.Build.0 = Debug|x64
		{4DD300AB-F378-4454-B20E-B2E1845D9DC1}.Debug|x86.ActiveCfg = Debug|Win32
		{4DD300AB-F378-4454-B20E-B2E1845D9DC1}.Debug|x86.Build.0 = Debug|Win32
		{4DD300AB-F378-4454-B20E-B2E1845D9DC1}.Release|x64.ActiveCfg = Release|x64
		{4DD300AB-F378-4454-B20E-B2E1845D9DC1}.Release|x64.Build.0 = Release|x64
		{4DD300AB-F378-4454-B20E-B2E1845D9DC1}.Release|x86.ActiveCfg = Release|Win32
		{4DD300AB-F378-4454-B20E-B2E1845D9DC1}.Release|x86.Build.0 = Release|Win32
		{3207C59F-040B-45FF-9EC9-045AC39D9B1A}.Debug|x64.ActiveCfg = Debug|x64
		{3207C59F-040B-45FF-9EC9-045AC39D9B1A}.Debug|x64.Build.0 = Debug|x64
		{3207C59F-040B-45FF-9EC9-045AC39D9B1A}.Debug|x86.ActiveCfg = Debug|Win32
		{3207C59F-040B-45FF-9EC9-045AC39D9B1A}.Debug|x86.Build.0 = Debug|Win32
		{3207C59F-040B-45FF-9EC9-045AC39D9B1A}.Release|x64.ActiveCfg = Release|x64
		{3207C59F-040B-45FF-9EC9-045AC39D9B1A}.Release|x64.Build.0 = Release|x64
		{3207C59F-040B-45FF-9EC9-045AC39D9B1A}.Release|x86.ActiveCfg = Release|Win32
		{3207C59F-040B-45FF-9EC9-045AC39D9B1A}.Release|x86.Build.0 = Release|Win32
		{308F834B-2909-43B3-89AF-D21924C59FCB}.Debug|x64.ActiveCfg = Debug|x64
		{308F834B-2909-43B3-89AF-D21924C59FCB}.Debug|x64.Build.0 = Debug|x64
		{308F834B-2909-43B3-89AF-D21924C59FCB}.Debug|x86.ActiveCfg = Debug|Win32
		{308F834B-2909-43B3-89AF-D21924C59FCB}.Debug|x86.Build.0 = Debug|Win32
		{308F834B-2909-43B3-89AF-D21924C59FCB}.Release|x64.ActiveCfg = Release|x64
		{308F834B-2909-43B3-89AF-D21924C59FCB}.Release|x64.Build.0 = Release|x64
		{308F834B-2909-43B3-89AF-D21924C59FCB}.Release|x86.ActiveCfg = Release|Win32
		{308F834B-2909-43B3-89AF-D21924C59FCB}.Release|x86.Build.0 = Release|Win32
		{E2177138-2117-4379-9CDD-28B27026F514}.Debug|x64.ActiveCfg = Debug|x64
		{E2177138-2117-4379-9CDD-28B27026F514}.Debug|x64.Build.0 = Debug|x64
		{E2177138-2117-4379-9CDD-28B27026F514}.Debug|x86.ActiveCfg = Debug|Win32
		{E2177138-2117-4379-9CDD-28B27026F514}.Debug|x86.Build.0 = Debug|Win32
		{E2177138-2117-4379-9CDD-28B27026F514}.Release|x64.ActiveCfg = Release|x64
		{E2177138-2117-4379-9CDD-28B27026F514}.Release|x64.Build.0 = Release|x64
		{E2177138-2117-4379-9CDD-28B27026F514}.Release|x86.ActiveCfg = Release|Win32
		{E2177138-2117-4379-9CDD-28B27026F514}.Release|x86.Build.0 = Release|Win32
		{7F8A8CA9-8AC6-4462-BCDB-5F16AEFB3176}.Debug|x64.ActiveCfg = Debug|x64
		{7F8A8CA9-8AC6-4462-BCDB-5F16AEFB3176}.Debug|x64.Build.0 = Debug|x64
		{7F8A8CA9-8AC6-4462-BCDB-5F16AEFB3176}.Debug|x86.ActiveCfg = Debug|Win32
		{7F8A8CA9-8AC6-4462-BCDB-5F16AEFB3176}.Debug|x86.Build.0 = Debug|Win32
		{7F8A8CA9-8AC6-4462-BCDB-5F16AEFB3176}.Release|x64.ActiveCfg = Release|x64
		{7F8A8CA9-8AC6-4462-BCDB-5F16AEFB3176}.Release|x64.Build.0 = Release|x64
		{7F8A8CA9-8AC6-4462-BCDB-5F16AEFB3176}.Release|x86.ActiveCfg = Release|Win32
		{7F8A8CA9-8AC6-4462-BCDB-5F16AEFB3176}.Release|x86.Build.0 = Release|Win32
	EndGlobalSection
	GlobalSection(SolutionProperties) = preSolution
		HideSolutionNode = FALSE
	EndGlobalSection
	GlobalSection(ExtensibilityGlobals) = postSolution
		SolutionGuid = {47180AF9-FF44-47C3-861B-0E9954DBA683}
	EndGlobalSection
EndGlobal
