
Microsoft Visual Studio Solution File, Format Version 12.00
# Visual Studio Version 16
VisualStudioVersion = 16.0.30204.135
MinimumVisualStudioVersion = 10.0.40219.1
Project("{8BC9CEB8-8B4A-11D0-8D11-00A0C91BC942}") = "LABHW3_1", "LABHW3_1\LABHW3_1.vcxproj", "{34877BAE-29F5-4254-9C8B-272B0599B6AF}"
EndProject
Project("{8BC9CEB8-8B4A-11D0-8D11-00A0C91BC942}") = "LABHW3_2", "LABHW3_2\LABHW3_2.vcxproj", "{CABAA3B8-7AD2-4AA1-9B88-26C3FD511048}"
EndProject
Project("{8BC9CEB8-8B4A-11D0-8D11-00A0C91BC942}") = "LABHW3_3_1", "LABHW3_3_1\LABHW3_3_1.vcxproj", "{D60D114C-EB8D-4F1E-9F39-6A02A7575746}"
EndProject
Project("{8BC9CEB8-8B4A-11D0-8D11-00A0C91BC942}") = "LABHW3_3_2", "LABHW3_3_2\LABHW3_3_2.vcxproj", "{AE224435-A349-49A5-9C69-3B2F4EF4F5F5}"
EndProject
Project("{8BC9CEB8-8B4A-11D0-8D11-00A0C91BC942}") = "LABHW3_4_1", "LAB3_4_1\LAB3_4_1.vcxproj", "{6365E49D-EEA0-48AD-B52A-F3B920C50A93}"
EndProject
Project("{8BC9CEB8-8B4A-11D0-8D11-00A0C91BC942}") = "LABHW3_4_2", "LABHW3_4_2\LABHW3_4_2.vcxproj", "{AD524033-2001-450E-90A6-0AECBCA08EAC}"
EndProject
Project("{8BC9CEB8-8B4A-11D0-8D11-00A0C91BC942}") = "LABHW3_3_challenge", "LABHW3_3_challenge\LABHW3_3_challenge.vcxproj", "{9CCEFFEE-60E7-4215-AFFA-16BF4FC025F3}"
EndProject
Project("{8BC9CEB8-8B4A-11D0-8D11-00A0C91BC942}") = "LABHW3_5", "LABHW3_5\LABHW3_5.vcxproj", "{944692E3-2899-49B9-A1F5-12AF05767F56}"
EndProject
Global
	GlobalSection(SolutionConfigurationPlatforms) = preSolution
		Debug|x64 = Debug|x64
		Debug|x86 = Debug|x86
		Release|x64 = Release|x64
		Release|x86 = Release|x86
	EndGlobalSection
	GlobalSection(ProjectConfigurationPlatforms) = postSolution
		{34877BAE-29F5-4254-9C8B-272B0599B6AF}.Debug|x64.ActiveCfg = Debug|x64
		{34877BAE-29F5-4254-9C8B-272B0599B6AF}.Debug|x64.Build.0 = Debug|x64
		{34877BAE-29F5-4254-9C8B-272B0599B6AF}.Debug|x86.ActiveCfg = Debug|Win32
		{34877BAE-29F5-4254-9C8B-272B0599B6AF}.Debug|x86.Build.0 = Debug|Win32
		{34877BAE-29F5-4254-9C8B-272B0599B6AF}.Release|x64.ActiveCfg = Release|x64
		{34877BAE-29F5-4254-9C8B-272B0599B6AF}.Release|x64.Build.0 = Release|x64
		{34877BAE-29F5-4254-9C8B-272B0599B6AF}.Release|x86.ActiveCfg = Release|Win32
		{34877BAE-29F5-4254-9C8B-272B0599B6AF}.Release|x86.Build.0 = Release|Win32
		{CABAA3B8-7AD2-4AA1-9B88-26C3FD511048}.Debug|x64.ActiveCfg = Debug|x64
		{CABAA3B8-7AD2-4AA1-9B88-26C3FD511048}.Debug|x64.Build.0 = Debug|x64
		{CABAA3B8-7AD2-4AA1-9B88-26C3FD511048}.Debug|x86.ActiveCfg = Debug|Win32
		{CABAA3B8-7AD2-4AA1-9B88-26C3FD511048}.Debug|x86.Build.0 = Debug|Win32
		{CABAA3B8-7AD2-4AA1-9B88-26C3FD511048}.Release|x64.ActiveCfg = Release|x64
		{CABAA3B8-7AD2-4AA1-9B88-26C3FD511048}.Release|x64.Build.0 = Release|x64
		{CABAA3B8-7AD2-4AA1-9B88-26C3FD511048}.Release|x86.ActiveCfg = Release|Win32
		{CABAA3B8-7AD2-4AA1-9B88-26C3FD511048}.Release|x86.Build.0 = Release|Win32
		{D60D114C-EB8D-4F1E-9F39-6A02A7575746}.Debug|x64.ActiveCfg = Debug|x64
		{D60D114C-EB8D-4F1E-9F39-6A02A7575746}.Debug|x64.Build.0 = Debug|x64
		{D60D114C-EB8D-4F1E-9F39-6A02A7575746}.Debug|x86.ActiveCfg = Debug|Win32
		{D60D114C-EB8D-4F1E-9F39-6A02A7575746}.Debug|x86.Build.0 = Debug|Win32
		{D60D114C-EB8D-4F1E-9F39-6A02A7575746}.Release|x64.ActiveCfg = Release|x64
		{D60D114C-EB8D-4F1E-9F39-6A02A7575746}.Release|x64.Build.0 = Release|x64
		{D60D114C-EB8D-4F1E-9F39-6A02A7575746}.Release|x86.ActiveCfg = Release|Win32
		{D60D114C-EB8D-4F1E-9F39-6A02A7575746}.Release|x86.Build.0 = Release|Win32
		{AE224435-A349-49A5-9C69-3B2F4EF4F5F5}.Debug|x64.ActiveCfg = Debug|x64
		{AE224435-A349-49A5-9C69-3B2F4EF4F5F5}.Debug|x64.Build.0 = Debug|x64
		{AE224435-A349-49A5-9C69-3B2F4EF4F5F5}.Debug|x86.ActiveCfg = Debug|Win32
		{AE224435-A349-49A5-9C69-3B2F4EF4F5F5}.Debug|x86.Build.0 = Debug|Win32
		{AE224435-A349-49A5-9C69-3B2F4EF4F5F5}.Release|x64.ActiveCfg = Release|x64
		{AE224435-A349-49A5-9C69-3B2F4EF4F5F5}.Release|x64.Build.0 = Release|x64
		{AE224435-A349-49A5-9C69-3B2F4EF4F5F5}.Release|x86.ActiveCfg = Release|Win32
		{AE224435-A349-49A5-9C69-3B2F4EF4F5F5}.Release|x86.Build.0 = Release|Win32
		{6365E49D-EEA0-48AD-B52A-F3B920C50A93}.Debug|x64.ActiveCfg = Debug|x64
		{6365E49D-EEA0-48AD-B52A-F3B920C50A93}.Debug|x64.Build.0 = Debug|x64
		{6365E49D-EEA0-48AD-B52A-F3B920C50A93}.Debug|x86.ActiveCfg = Debug|Win32
		{6365E49D-EEA0-48AD-B52A-F3B920C50A93}.Debug|x86.Build.0 = Debug|Win32
		{6365E49D-EEA0-48AD-B52A-F3B920C50A93}.Release|x64.ActiveCfg = Release|x64
		{6365E49D-EEA0-48AD-B52A-F3B920C50A93}.Release|x64.Build.0 = Release|x64
		{6365E49D-EEA0-48AD-B52A-F3B920C50A93}.Release|x86.ActiveCfg = Release|Win32
		{6365E49D-EEA0-48AD-B52A-F3B920C50A93}.Release|x86.Build.0 = Release|Win32
		{AD524033-2001-450E-90A6-0AECBCA08EAC}.Debug|x64.ActiveCfg = Debug|x64
		{AD524033-2001-450E-90A6-0AECBCA08EAC}.Debug|x64.Build.0 = Debug|x64
		{AD524033-2001-450E-90A6-0AECBCA08EAC}.Debug|x86.ActiveCfg = Debug|Win32
		{AD524033-2001-450E-90A6-0AECBCA08EAC}.Debug|x86.Build.0 = Debug|Win32
		{AD524033-2001-450E-90A6-0AECBCA08EAC}.Release|x64.ActiveCfg = Release|x64
		{AD524033-2001-450E-90A6-0AECBCA08EAC}.Release|x64.Build.0 = Release|x64
		{AD524033-2001-450E-90A6-0AECBCA08EAC}.Release|x86.ActiveCfg = Release|Win32
		{AD524033-2001-450E-90A6-0AECBCA08EAC}.Release|x86.Build.0 = Release|Win32
		{9CCEFFEE-60E7-4215-AFFA-16BF4FC025F3}.Debug|x64.ActiveCfg = Debug|x64
		{9CCEFFEE-60E7-4215-AFFA-16BF4FC025F3}.Debug|x64.Build.0 = Debug|x64
		{9CCEFFEE-60E7-4215-AFFA-16BF4FC025F3}.Debug|x86.ActiveCfg = Debug|Win32
		{9CCEFFEE-60E7-4215-AFFA-16BF4FC025F3}.Debug|x86.Build.0 = Debug|Win32
		{9CCEFFEE-60E7-4215-AFFA-16BF4FC025F3}.Release|x64.ActiveCfg = Release|x64
		{9CCEFFEE-60E7-4215-AFFA-16BF4FC025F3}.Release|x64.Build.0 = Release|x64
		{9CCEFFEE-60E7-4215-AFFA-16BF4FC025F3}.Release|x86.ActiveCfg = Release|Win32
		{9CCEFFEE-60E7-4215-AFFA-16BF4FC025F3}.Release|x86.Build.0 = Release|Win32
		{944692E3-2899-49B9-A1F5-12AF05767F56}.Debug|x64.ActiveCfg = Debug|x64
		{944692E3-2899-49B9-A1F5-12AF05767F56}.Debug|x64.Build.0 = Debug|x64
		{944692E3-2899-49B9-A1F5-12AF05767F56}.Debug|x86.ActiveCfg = Debug|Win32
		{944692E3-2899-49B9-A1F5-12AF05767F56}.Debug|x86.Build.0 = Debug|Win32
		{944692E3-2899-49B9-A1F5-12AF05767F56}.Release|x64.ActiveCfg = Release|x64
		{944692E3-2899-49B9-A1F5-12AF05767F56}.Release|x64.Build.0 = Release|x64
		{944692E3-2899-49B9-A1F5-12AF05767F56}.Release|x86.ActiveCfg = Release|Win32
		{944692E3-2899-49B9-A1F5-12AF05767F56}.Release|x86.Build.0 = Release|Win32
	EndGlobalSection
	GlobalSection(SolutionProperties) = preSolution
		HideSolutionNode = FALSE
	EndGlobalSection
	GlobalSection(ExtensibilityGlobals) = postSolution
		SolutionGuid = {8D4BC38B-8273-488B-A7B2-9EAF6C9810E2}
	EndGlobalSection
EndGlobal
