
Microsoft Visual Studio Solution File, Format Version 12.00
# Visual Studio Version 16
VisualStudioVersion = 16.0.29911.84
MinimumVisualStudioVersion = 10.0.40219.1
Project("{8BC9CEB8-8B4A-11D0-8D11-00A0C91BC942}") = "LAB3_0", "LAB3_0\LAB3_0.vcxproj", "{55F84AC5-9773-4BE6-B913-1BA161EAE037}"
EndProject
Project("{8BC9CEB8-8B4A-11D0-8D11-00A0C91BC942}") = "LAB3_1", "LAB3_1\LAB3_1.vcxproj", "{0179CB10-7B65-4043-9043-7A65673425A5}"
EndProject
Project("{8BC9CEB8-8B4A-11D0-8D11-00A0C91BC942}") = "LAB3_2", "LAB3_2\LAB3_2.vcxproj", "{FDEEFA64-0CC7-4D47-9511-A85B7ADBEDC8}"
EndProject
Project("{8BC9CEB8-8B4A-11D0-8D11-00A0C91BC942}") = "LAB3_3", "LAB3_3\LAB3_3.vcxproj", "{7A661AC5-7A5C-42AF-8250-9F4F7B0A30FA}"
EndProject
Project("{8BC9CEB8-8B4A-11D0-8D11-00A0C91BC942}") = "LAB3_4", "LAB3_4\LAB3_4.vcxproj", "{E4C75CCC-0BA4-4E0E-9F3D-CC897D1D8E63}"
EndProject
Project("{8BC9CEB8-8B4A-11D0-8D11-00A0C91BC942}") = "HW3_1", "HW3_1\HW3_1.vcxproj", "{DD7A13A0-4C4C-4B01-8F86-39F97DB7FDE9}"
EndProject
Project("{8BC9CEB8-8B4A-11D0-8D11-00A0C91BC942}") = "HW3_2", "HW3_2\HW3_2.vcxproj", "{A88FF798-1390-4897-824A-5F0414B04B9B}"
EndProject
Project("{8BC9CEB8-8B4A-11D0-8D11-00A0C91BC942}") = "HW3_3", "HW3_3\HW3_3.vcxproj", "{C95E99DD-A19B-4F66-816C-331368C635E9}"
EndProject
Project("{8BC9CEB8-8B4A-11D0-8D11-00A0C91BC942}") = "HW3_4", "HW3_4\HW3_4.vcxproj", "{2E210AF3-6E56-4AD7-AD46-7F2FC856F979}"
EndProject
Global
	GlobalSection(SolutionConfigurationPlatforms) = preSolution
		Debug|x64 = Debug|x64
		Debug|x86 = Debug|x86
		Release|x64 = Release|x64
		Release|x86 = Release|x86
	EndGlobalSection
	GlobalSection(ProjectConfigurationPlatforms) = postSolution
		{55F84AC5-9773-4BE6-B913-1BA161EAE037}.Debug|x64.ActiveCfg = Debug|x64
		{55F84AC5-9773-4BE6-B913-1BA161EAE037}.Debug|x64.Build.0 = Debug|x64
		{55F84AC5-9773-4BE6-B913-1BA161EAE037}.Debug|x86.ActiveCfg = Debug|Win32
		{55F84AC5-9773-4BE6-B913-1BA161EAE037}.Debug|x86.Build.0 = Debug|Win32
		{55F84AC5-9773-4BE6-B913-1BA161EAE037}.Release|x64.ActiveCfg = Release|x64
		{55F84AC5-9773-4BE6-B913-1BA161EAE037}.Release|x64.Build.0 = Release|x64
		{55F84AC5-9773-4BE6-B913-1BA161EAE037}.Release|x86.ActiveCfg = Release|Win32
		{55F84AC5-9773-4BE6-B913-1BA161EAE037}.Release|x86.Build.0 = Release|Win32
		{0179CB10-7B65-4043-9043-7A65673425A5}.Debug|x64.ActiveCfg = Debug|x64
		{0179CB10-7B65-4043-9043-7A65673425A5}.Debug|x64.Build.0 = Debug|x64
		{0179CB10-7B65-4043-9043-7A65673425A5}.Debug|x86.ActiveCfg = Debug|Win32
		{0179CB10-7B65-4043-9043-7A65673425A5}.Debug|x86.Build.0 = Debug|Win32
		{0179CB10-7B65-4043-9043-7A65673425A5}.Release|x64.ActiveCfg = Release|x64
		{0179CB10-7B65-4043-9043-7A65673425A5}.Release|x64.Build.0 = Release|x64
		{0179CB10-7B65-4043-9043-7A65673425A5}.Release|x86.ActiveCfg = Release|Win32
		{0179CB10-7B65-4043-9043-7A65673425A5}.Release|x86.Build.0 = Release|Win32
		{FDEEFA64-0CC7-4D47-9511-A85B7ADBEDC8}.Debug|x64.ActiveCfg = Debug|x64
		{FDEEFA64-0CC7-4D47-9511-A85B7ADBEDC8}.Debug|x64.Build.0 = Debug|x64
		{FDEEFA64-0CC7-4D47-9511-A85B7ADBEDC8}.Debug|x86.ActiveCfg = Debug|Win32
		{FDEEFA64-0CC7-4D47-9511-A85B7ADBEDC8}.Debug|x86.Build.0 = Debug|Win32
		{FDEEFA64-0CC7-4D47-9511-A85B7ADBEDC8}.Release|x64.ActiveCfg = Release|x64
		{FDEEFA64-0CC7-4D47-9511-A85B7ADBEDC8}.Release|x64.Build.0 = Release|x64
		{FDEEFA64-0CC7-4D47-9511-A85B7ADBEDC8}.Release|x86.ActiveCfg = Release|Win32
		{FDEEFA64-0CC7-4D47-9511-A85B7ADBEDC8}.Release|x86.Build.0 = Release|Win32
		{7A661AC5-7A5C-42AF-8250-9F4F7B0A30FA}.Debug|x64.ActiveCfg = Debug|x64
		{7A661AC5-7A5C-42AF-8250-9F4F7B0A30FA}.Debug|x64.Build.0 = Debug|x64
		{7A661AC5-7A5C-42AF-8250-9F4F7B0A30FA}.Debug|x86.ActiveCfg = Debug|Win32
		{7A661AC5-7A5C-42AF-8250-9F4F7B0A30FA}.Debug|x86.Build.0 = Debug|Win32
		{7A661AC5-7A5C-42AF-8250-9F4F7B0A30FA}.Release|x64.ActiveCfg = Release|x64
		{7A661AC5-7A5C-42AF-8250-9F4F7B0A30FA}.Release|x64.Build.0 = Release|x64
		{7A661AC5-7A5C-42AF-8250-9F4F7B0A30FA}.Release|x86.ActiveCfg = Release|Win32
		{7A661AC5-7A5C-42AF-8250-9F4F7B0A30FA}.Release|x86.Build.0 = Release|Win32
		{E4C75CCC-0BA4-4E0E-9F3D-CC897D1D8E63}.Debug|x64.ActiveCfg = Debug|x64
		{E4C75CCC-0BA4-4E0E-9F3D-CC897D1D8E63}.Debug|x64.Build.0 = Debug|x64
		{E4C75CCC-0BA4-4E0E-9F3D-CC897D1D8E63}.Debug|x86.ActiveCfg = Debug|Win32
		{E4C75CCC-0BA4-4E0E-9F3D-CC897D1D8E63}.Debug|x86.Build.0 = Debug|Win32
		{E4C75CCC-0BA4-4E0E-9F3D-CC897D1D8E63}.Release|x64.ActiveCfg = Release|x64
		{E4C75CCC-0BA4-4E0E-9F3D-CC897D1D8E63}.Release|x64.Build.0 = Release|x64
		{E4C75CCC-0BA4-4E0E-9F3D-CC897D1D8E63}.Release|x86.ActiveCfg = Release|Win32
		{E4C75CCC-0BA4-4E0E-9F3D-CC897D1D8E63}.Release|x86.Build.0 = Release|Win32
		{DD7A13A0-4C4C-4B01-8F86-39F97DB7FDE9}.Debug|x64.ActiveCfg = Debug|x64
		{DD7A13A0-4C4C-4B01-8F86-39F97DB7FDE9}.Debug|x64.Build.0 = Debug|x64
		{DD7A13A0-4C4C-4B01-8F86-39F97DB7FDE9}.Debug|x86.ActiveCfg = Debug|Win32
		{DD7A13A0-4C4C-4B01-8F86-39F97DB7FDE9}.Debug|x86.Build.0 = Debug|Win32
		{DD7A13A0-4C4C-4B01-8F86-39F97DB7FDE9}.Release|x64.ActiveCfg = Release|x64
		{DD7A13A0-4C4C-4B01-8F86-39F97DB7FDE9}.Release|x64.Build.0 = Release|x64
		{DD7A13A0-4C4C-4B01-8F86-39F97DB7FDE9}.Release|x86.ActiveCfg = Release|Win32
		{DD7A13A0-4C4C-4B01-8F86-39F97DB7FDE9}.Release|x86.Build.0 = Release|Win32
		{A88FF798-1390-4897-824A-5F0414B04B9B}.Debug|x64.ActiveCfg = Debug|x64
		{A88FF798-1390-4897-824A-5F0414B04B9B}.Debug|x64.Build.0 = Debug|x64
		{A88FF798-1390-4897-824A-5F0414B04B9B}.Debug|x86.ActiveCfg = Debug|Win32
		{A88FF798-1390-4897-824A-5F0414B04B9B}.Debug|x86.Build.0 = Debug|Win32
		{A88FF798-1390-4897-824A-5F0414B04B9B}.Release|x64.ActiveCfg = Release|x64
		{A88FF798-1390-4897-824A-5F0414B04B9B}.Release|x64.Build.0 = Release|x64
		{A88FF798-1390-4897-824A-5F0414B04B9B}.Release|x86.ActiveCfg = Release|Win32
		{A88FF798-1390-4897-824A-5F0414B04B9B}.Release|x86.Build.0 = Release|Win32
		{C95E99DD-A19B-4F66-816C-331368C635E9}.Debug|x64.ActiveCfg = Debug|x64
		{C95E99DD-A19B-4F66-816C-331368C635E9}.Debug|x64.Build.0 = Debug|x64
		{C95E99DD-A19B-4F66-816C-331368C635E9}.Debug|x86.ActiveCfg = Debug|Win32
		{C95E99DD-A19B-4F66-816C-331368C635E9}.Debug|x86.Build.0 = Debug|Win32
		{C95E99DD-A19B-4F66-816C-331368C635E9}.Release|x64.ActiveCfg = Release|x64
		{C95E99DD-A19B-4F66-816C-331368C635E9}.Release|x64.Build.0 = Release|x64
		{C95E99DD-A19B-4F66-816C-331368C635E9}.Release|x86.ActiveCfg = Release|Win32
		{C95E99DD-A19B-4F66-816C-331368C635E9}.Release|x86.Build.0 = Release|Win32
		{2E210AF3-6E56-4AD7-AD46-7F2FC856F979}.Debug|x64.ActiveCfg = Debug|x64
		{2E210AF3-6E56-4AD7-AD46-7F2FC856F979}.Debug|x64.Build.0 = Debug|x64
		{2E210AF3-6E56-4AD7-AD46-7F2FC856F979}.Debug|x86.ActiveCfg = Debug|Win32
		{2E210AF3-6E56-4AD7-AD46-7F2FC856F979}.Debug|x86.Build.0 = Debug|Win32
		{2E210AF3-6E56-4AD7-AD46-7F2FC856F979}.Release|x64.ActiveCfg = Release|x64
		{2E210AF3-6E56-4AD7-AD46-7F2FC856F979}.Release|x64.Build.0 = Release|x64
		{2E210AF3-6E56-4AD7-AD46-7F2FC856F979}.Release|x86.ActiveCfg = Release|Win32
		{2E210AF3-6E56-4AD7-AD46-7F2FC856F979}.Release|x86.Build.0 = Release|Win32
	EndGlobalSection
	GlobalSection(SolutionProperties) = preSolution
		HideSolutionNode = FALSE
	EndGlobalSection
	GlobalSection(ExtensibilityGlobals) = postSolution
		SolutionGuid = {35E9676F-1008-49D8-B0A9-839AA2E07DC6}
	EndGlobalSection
EndGlobal
